hash: 30a1c32c598ce540348366a2140b314c3e50814e95b07f0179e9c63515729e5a
updated: 2019-06-15T21:45:26.477287+01:00
imports:
- name: github.com/abcum/bump
  version: bb9bd72d399dc9707cc8261f2bfc690960b736f0
- name: github.com/abcum/cork
  version: c246208017d0b81f2e9a3fc2fb7a993c89153839
- name: github.com/abcum/fibre
  version: 9753c6a311cff6edc26f43b50ee6facbeade540c
  subpackages:
  - mw
- name: github.com/abcum/ptree
  version: e66b1d172c4f2d1775c2d6b245caddcb6a334683
- name: github.com/abcum/rixxdb
  version: f8108bfffff1169b14bee8fbe0770ffb10dd6d73
- name: github.com/abcum/tlist
  version: f228d5285b76789fec8c7c065ad608f4b86dfdac
- name: github.com/dgrijalva/jwt-go
  version: 06ea1031745cb8b3dab3f6a236daf2b0aa468b7e
- name: github.com/elithrar/simple-scrypt
  version: d150773194090feb6c897805a7bcea8d49544e2c
- name: github.com/gorilla/websocket
  version: 66b9c49e59c6c48f0ffce28c2d8b8a5678502c6d
- name: github.com/hjson/hjson-go
  version: d8adb1bb23adb87a63c2d1f3c0237a0a313b69a6
- name: github.com/inconshreveable/mousetrap
  version: 76626ae9c91c4f2a10f34cad8ce83ea42c93bb75
- name: github.com/konsorten/go-windows-terminal-sequences
  version: f55edac94c9bbba5d6182a4be46d86a2c9b5b50e
- name: github.com/mattn/go-colorable
  version: 8029fb3788e5a4a9c00e415f586a6d033f5d38b3
- name: github.com/mattn/go-isatty
  version: 1311e847b0cb909da63b5fecfb5370aa66236465
- name: github.com/mgutz/ansi
  version: 9520e82c474b0a04dd04f8a40959027271bab992
- name: github.com/mitchellh/mapstructure
  version: 3536a929edddb9a5b34bd6861dc4a9647cb459fe
- name: github.com/newrelic/go-agent
  version: f5bce3387232559bcbe6a5f8227c4bf508dac1ba
  subpackages:
  - internal
  - internal/cat
  - internal/jsonx
  - internal/logger
  - internal/sysinfo
  - internal/utilization
- name: github.com/pkg/profile
  version: f6fe06335df110bcf1ed6d4e852b760bfc15beee
- name: github.com/rainycape/unidecode
  version: cb7f23ec59bec0d61b19c56cd88cee3d0cc1870c
- name: github.com/rs/xid
  version: 15d26544def341f036c5f8dca987a4cbe575032c
- name: github.com/satori/go.uuid
  version: f58768cc1a7a7e77a3bd49e98cdd21419399b6a3
- name: github.com/sergi/go-diff
  version: 1744e2970ca51c86172c8190fadad617561ed6e7
  subpackages:
  - diffmatchpatch
- name: github.com/sirupsen/logrus
  version: 839c75faf7f98a33d445d181f3018b5c3409a45e
- name: github.com/spf13/cobra
  version: f2b07da1e2c38d5f12845a4f607e2e1018cbb1f5
- name: github.com/spf13/pflag
  version: 24fa6976df40757dce6aea913e7b81ade90530e1
- name: github.com/ugorji/go
  version: 2adff0894ba3bc2eeb9f9aea45fefd49802e1a13
  subpackages:
  - codec
- name: golang.org/x/crypto
  version: 5c40567a22f818bd14a1ea7245dad9f8ef0691aa
  subpackages:
  - bcrypt
  - blowfish
  - pbkdf2
  - scrypt
  - ssh/terminal
- name: golang.org/x/net
  version: d28f0bde5980168871434b95cfc858db9f2a7a99
  subpackages:
  - context/ctxhttp
- name: golang.org/x/sys
  version: b47fdc937951267e2d980171881317deea47f29b
  subpackages:
  - unix
  - windows
- name: golang.org/x/text
  version: 342b2e1fbaa52c93f31447ad2c6abc048c63e475
  subpackages:
  - collate
  - internal/colltab
  - internal/language
  - internal/language/compact
  - internal/tag
  - language
  - search
  - transform
  - unicode/norm
- name: gopkg.in/tylerb/graceful.v1
  version: 4654dfbb6ad53cb5e27f37d99b02e16c1872fbbb
testImports:
- name: github.com/gopherjs/gopherjs
  version: 3e4dfb77656c424b6d1196a4d5fed0fcf63677cc
  subpackages:
  - js
- name: github.com/jtolds/gls
  version: b4936e06046bbecbb94cae9c18127ebe510a2cb9
- name: github.com/smartystreets/assertions
  version: d380eccd517d419eb73a0a90cc3ffc405f1e029e
  subpackages:
  - internal/go-diff/diffmatchpatch
  - internal/go-render/render
  - internal/oglematchers
- name: github.com/smartystreets/goconvey
  version: 9e8dc3f972df6c8fcc0375ef492c24d0bb204857
  subpackages:
  - convey
  - convey/gotest
  - convey/reporting
