revision-lock version:0.1.0
AccessDefinition:1(crates/core/src/catalog/schema/access.rs)(3072791384)
AccessGrant:1(crates/core/src/catalog/access.rs)(2542779135)
AccessType:1(crates/core/src/catalog/schema/access.rs)(3230364576)
Actor:1(crates/core/src/iam/entities/resources/actor.rs)(3298523520)
AggregateFields:1(crates/core/src/catalog/aggregation.rs)(93995869)
Aggregation:1(crates/core/src/catalog/aggregation.rs)(355629717)
AggregationAnalysis:1(crates/core/src/catalog/aggregation.rs)(1237148054)
AggregationStat:1(crates/core/src/catalog/aggregation.rs)(2216315060)
Algorithm:1(crates/core/src/catalog/schema/access.rs)(2206568398)
AnalyzerDefinition:1(crates/core/src/catalog/schema/analyzer.rs)(3349890854)
ApiActionDefinition:1(crates/core/src/catalog/schema/api.rs)(371395722)
ApiConfigDefinition:1(crates/core/src/catalog/schema/api.rs)(2568529779)
ApiDefinition:1(crates/core/src/catalog/schema/api.rs)(2006332152)
ApiMethod:1(crates/core/src/catalog/schema/api.rs)(573555679)
Appending:1(crates/core/src/kvs/index.rs)(2401017138)
Array:1(crates/core/src/val/array.rs)(3361769626)
Auth:1(crates/core/src/iam/auth.rs)(2565165447)
Base:1(crates/core/src/catalog/schema/base.rs)(1855298924)
BatchValue:1(crates/core/src/kvs/sequences.rs)(2425178786)
BearerAccess:1(crates/core/src/catalog/schema/access.rs)(307568812)
BearerAccessSubject:1(crates/core/src/catalog/schema/access.rs)(1433007694)
BearerAccessType:1(crates/core/src/catalog/schema/access.rs)(2871999150)
BucketDefinition:1(crates/core/src/catalog/schema/bucket.rs)(535710539)
BucketId:1(crates/core/src/catalog/schema/bucket.rs)(3254909729)
Bytes:1(crates/core/src/val/bytes.rs)(3132659493)
ChangeFeed:1(crates/core/src/expr/changefeed.rs)(2248711565)
ChangeSet:1(crates/core/src/cf/mutations.rs)(3876424617)
Cond:1(crates/core/src/expr/cond.rs)(2805915610)
ConfigDefinition:1(crates/core/src/catalog/schema/config.rs)(668607374)
ConfigKind:1(crates/core/src/iam/entities/resources/resource.rs)(2469351695)
DatabaseDefinition:1(crates/core/src/catalog/database.rs)(1548464960)
DatabaseMutation:1(crates/core/src/cf/mutations.rs)(37829826)
Datetime:1(crates/core/src/val/datetime.rs)(2490552886)
DefineDefault:1(crates/core/src/catalog/schema/field.rs)(1281309839)
Dir:1(crates/core/src/sql/dir.rs)(2384522399)
Distance:1(crates/core/src/catalog/schema/index.rs)(1000261197)
DocLengthAndCount:1(crates/core/src/idx/ft/fulltext.rs)(1531579859)
Duration:1(crates/core/src/val/duration.rs)(2607428391)
ElementDocs:1(crates/core/src/idx/trees/hnsw/docs.rs)(3779539790)
EventDefinition:1(crates/core/src/catalog/schema/event.rs)(3270909395)
Fetch:1(crates/core/src/expr/fetch.rs)(1196472657)
Fetchs:1(crates/core/src/expr/fetch.rs)(393688943)
Field:1(crates/core/src/expr/field.rs)(3894771364)
FieldDefinition:1(crates/core/src/catalog/schema/field.rs)(2324856257)
Fields:1(crates/core/src/expr/field.rs)(4182207244)
File:1(crates/core/src/val/file.rs)(819652631)
Filter:1(crates/core/src/expr/filter.rs)(1262677263)
FullTextParams:1(crates/core/src/catalog/schema/index.rs)(2685434428)
FunctionDefinition:1(crates/core/src/catalog/schema/function.rs)(3900910839)
Geometry:1(crates/core/src/val/geometry.rs)(1032954714)
GeometryKind:1(crates/core/src/expr/kind.rs)(1417498589)
Grant:1(crates/core/src/catalog/access.rs)(2833839629)
GrantBearer:1(crates/core/src/catalog/access.rs)(1818196682)
GrantJwt:1(crates/core/src/catalog/access.rs)(739551147)
GrantRecord:1(crates/core/src/catalog/access.rs)(2728647475)
GraphQLConfig:1(crates/core/src/catalog/schema/config.rs)(759621783)
GraphQLFunctionsConfig:1(crates/core/src/catalog/schema/config.rs)(2171785202)
GraphQLTablesConfig:1(crates/core/src/catalog/schema/config.rs)(859208385)
Group:1(crates/core/src/expr/group.rs)(775568656)
Groups:1(crates/core/src/expr/group.rs)(835573953)
HnswDocsState:1(crates/core/src/idx/trees/hnsw/docs.rs)(3866831112)
HnswParams:1(crates/core/src/catalog/schema/index.rs)(2416777141)
HnswState:1(crates/core/src/idx/trees/hnsw/mod.rs)(761523903)
Ids64:1(crates/core/src/idx/trees/knn.rs)(2152899576)
Index:1(crates/core/src/catalog/schema/index.rs)(737650760)
IndexDefinition:1(crates/core/src/catalog/schema/index.rs)(3322575782)
JwtAccess:1(crates/core/src/catalog/schema/access.rs)(3963131422)
JwtAccessIssue:1(crates/core/src/catalog/schema/access.rs)(2388095490)
JwtAccessVerify:1(crates/core/src/catalog/schema/access.rs)(2148549403)
JwtAccessVerifyJwks:1(crates/core/src/catalog/schema/access.rs)(3060305887)
JwtAccessVerifyKey:1(crates/core/src/catalog/schema/access.rs)(1321010906)
Kind:1(crates/core/src/expr/kind.rs)(3987708510)
KindLiteral:1(crates/core/src/expr/kind.rs)(1507917015)
Language:1(crates/core/src/expr/language.rs)(530318510)
LayerState:1(crates/core/src/idx/trees/hnsw/layer.rs)(2388311728)
Level:1(crates/core/src/iam/entities/resources/level.rs)(4956631)
Metadata:1(crates/core/src/catalog/record.rs)(1109962123)
MiddlewareDefinition:1(crates/core/src/catalog/schema/api.rs)(250320454)
MlModelDefinition:1(crates/core/src/catalog/schema/ml/model.rs)(2164970973)
ModuleDefinition:1(crates/core/src/catalog/schema/module.rs)(4129259475)
ModuleExecutable:1(crates/core/src/catalog/module.rs)(1790069423)
NamespaceDefinition:1(crates/core/src/catalog/namespace.rs)(1076991370)
Node:1(crates/core/src/dbs/node.rs)(202953169)
NodeLiveQuery:1(crates/core/src/catalog/subscription.rs)(2055838869)
Number:1(crates/core/src/val/number.rs)(2007868848)
Object:1(crates/core/src/val/object.rs)(3409185235)
Offset:1(crates/core/src/idx/ft/offset.rs)(3130440757)
Operation:1(crates/core/src/expr/operation.rs)(3048132282)
ParamDefinition:1(crates/core/src/catalog/schema/param.rs)(38890492)
Permission:1(crates/core/src/catalog/schema/mod.rs)(2984200659)
Permissions:1(crates/core/src/catalog/schema/mod.rs)(1998363305)
PrimaryAppending:1(crates/core/src/kvs/index.rs)(3728493695)
ProxyArray:1(crates/language-tests/src/cmd/upgrade/protocol.rs)(4209387088)
ProxyNumber:1(crates/language-tests/src/cmd/upgrade/protocol.rs)(1364939539)
ProxyObject:1(crates/language-tests/src/cmd/upgrade/protocol.rs)(2474217323)
ProxyValue:1(crates/language-tests/src/cmd/upgrade/protocol.rs)(2313570250)
QueryType:1(crates/core/src/dbs/response.rs)(1794954311)
Range:1(crates/core/src/val/range.rs)(423247923)
Record:1(crates/core/src/catalog/record.rs)(3804441000)
RecordAccess:1(crates/core/src/catalog/schema/access.rs)(1607416420)
RecordId:1(crates/core/src/val/record_id.rs)(4224425961)
RecordIdKey:1(crates/core/src/val/record_id.rs)(3865924634)
RecordIdKeyRange:1(crates/core/src/val/record_id.rs)(7207091)
RecordType:1(crates/core/src/catalog/record.rs)(277271929)
Reference:1(crates/core/src/expr/reference.rs)(3647636218)
ReferenceDeleteStrategy:1(crates/core/src/expr/reference.rs)(4206672664)
Regex:1(crates/core/src/val/regex.rs)(3293217283)
Relation:1(crates/core/src/catalog/table.rs)(3070717878)
RequestMiddleware:1(crates/core/src/api/middleware/mod.rs)(2206185186)
Resource:1(crates/core/src/iam/entities/resources/resource.rs)(4254546035)
ResourceKind:5(crates/core/src/iam/entities/resources/resource.rs)(2563394958)
Role:1(crates/core/src/iam/entities/roles.rs)(2569727248)
Scoring:1(crates/core/src/catalog/schema/index.rs)(1441311135)
Scoring:1(crates/core/src/sql/scoring.rs)(200633025)
SequenceDefinition:1(crates/core/src/catalog/schema/sequence.rs)(2403390086)
SequenceState:1(crates/core/src/kvs/sequences.rs)(1244652175)
SerializedVector:1(crates/core/src/idx/trees/vector.rs)(769009643)
Set:1(crates/core/src/val/set.rs)(986919033)
SiloExecutable:1(crates/core/src/catalog/module.rs)(1167867872)
Status:1(crates/core/src/dbs/response.rs)(148572768)
Subject:1(crates/core/src/catalog/access.rs)(3186746435)
SubscriptionDefinition:1(crates/core/src/catalog/subscription.rs)(4208720505)
SurrealismExecutable:1(crates/core/src/catalog/module.rs)(3952219534)
Table:1(crates/core/src/val/table.rs)(3418327410)
TableDefinition:1(crates/core/src/catalog/table.rs)(1479333030)
TableMutation:1(crates/core/src/cf/mutations.rs)(2792068793)
TableMutations:1(crates/core/src/cf/mutations.rs)(1340057426)
TableType:1(crates/core/src/catalog/table.rs)(2044425979)
TaskLease:1(crates/core/src/kvs/tasklease.rs)(2320248365)
TermDocument:1(crates/core/src/idx/ft/fulltext.rs)(3947251675)
Timestamp:1(crates/core/src/dbs/node.rs)(3620781837)
Tokenizer:1(crates/core/src/expr/tokenizer.rs)(1611146846)
UserDefinition:1(crates/core/src/catalog/schema/user.rs)(150755510)
Uuid:1(crates/core/src/val/uuid.rs)(3223496100)
Value:1(crates/core/src/val/mod.rs)(2343660257)
VectorType:1(crates/core/src/catalog/schema/index.rs)(118534548)
ViewDefinition:1(crates/core/src/catalog/view.rs)(648511306)
WriteMutationSet:1(crates/core/src/cf/mutations.rs)(3838290965)