revision-lock version:0.1.0
AccessDefinition:1(surrealdb/core/src/catalog/schema/access.rs)(3072791384)
AccessGrant:1(surrealdb/core/src/catalog/access.rs)(2542779135)
AccessType:1(surrealdb/core/src/catalog/schema/access.rs)(3230364576)
Actor:1(surrealdb/core/src/iam/entities/resources/actor.rs)(3298523520)
AggregateFields:1(surrealdb/core/src/catalog/aggregation.rs)(93995869)
Aggregation:1(surrealdb/core/src/catalog/aggregation.rs)(355629717)
AggregationAnalysis:1(surrealdb/core/src/catalog/aggregation.rs)(1237148054)
AggregationStat:1(surrealdb/core/src/catalog/aggregation.rs)(3270554675)
Algorithm:1(surrealdb/core/src/catalog/schema/access.rs)(2206568398)
AnalyzerDefinition:1(surrealdb/core/src/catalog/schema/analyzer.rs)(3349890854)
ApiActionDefinition:1(surrealdb/core/src/catalog/schema/api.rs)(371395722)
ApiConfigDefinition:1(surrealdb/core/src/catalog/schema/api.rs)(2568529779)
ApiDefinition:2(surrealdb/core/src/catalog/schema/api.rs)(73355435)
ApiMethod:1(surrealdb/core/src/catalog/schema/api.rs)(3311406751)
Appending:1(surrealdb/core/src/kvs/index.rs)(2732323459)
Array:1(surrealdb/core/src/val/array.rs)(3738084198)
AsyncEventRecord:1(surrealdb/core/src/doc/event.rs)(3888828128)
Auth:1(surrealdb/core/src/iam/auth.rs)(2565165447)
AuthLevel:1(surrealdb/core/src/catalog/auth.rs)(4030641332)
AuthLimit:1(surrealdb/core/src/catalog/auth.rs)(342877014)
Base:1(surrealdb/core/src/catalog/schema/base.rs)(1855298924)
BatchValue:1(surrealdb/core/src/kvs/sequences.rs)(2425178786)
BearerAccess:1(surrealdb/core/src/catalog/schema/access.rs)(307568812)
BearerAccessSubject:1(surrealdb/core/src/catalog/schema/access.rs)(1433007694)
BearerAccessType:1(surrealdb/core/src/catalog/schema/access.rs)(2871999150)
BucketDefinition:1(surrealdb/core/src/catalog/schema/bucket.rs)(535710539)
BucketId:1(surrealdb/core/src/catalog/schema/bucket.rs)(3254909729)
Bytes:1(surrealdb/core/src/val/bytes.rs)(1492954060)
ChangeFeed:1(surrealdb/core/src/expr/changefeed.rs)(2248711565)
ChangeSet:1(surrealdb/core/src/cf/mutations.rs)(905317679)
ComputedDeps:1(surrealdb/core/src/catalog/schema/field.rs)(3910580430)
Cond:1(surrealdb/core/src/expr/cond.rs)(2805915610)
ConfigDefinition:1(surrealdb/core/src/catalog/schema/config.rs)(3662923888)
ConfigKind:1(surrealdb/core/src/iam/entities/resources/resource.rs)(2548271762)
DatabaseDefinition:1(surrealdb/core/src/catalog/database.rs)(1548464960)
DatabaseMutation:1(surrealdb/core/src/cf/mutations.rs)(37829826)
Datetime:1(surrealdb/core/src/val/datetime.rs)(842078932)
DefaultConfig:1(surrealdb/core/src/catalog/schema/config.rs)(1178006414)
DefineDefault:1(surrealdb/core/src/catalog/schema/field.rs)(1281309839)
Dir:1(surrealdb/core/src/sql/dir.rs)(2384522399)
Distance:1(surrealdb/core/src/catalog/schema/index.rs)(1000261197)
DocLengthAndCount:1(surrealdb/core/src/idx/ft/fulltext.rs)(3325197741)
Duration:1(surrealdb/core/src/val/duration.rs)(1429838087)
ElementDocs:1(surrealdb/core/src/idx/trees/hnsw/docs.rs)(4093046487)
ElementHashedDocs:1(surrealdb/core/src/idx/trees/hnsw/docs.rs)(2530148872)
EventDefinition:3(surrealdb/core/src/catalog/schema/event.rs)(3537595141)
EventKind:1(surrealdb/core/src/catalog/schema/event.rs)(2987258245)
Fetch:1(surrealdb/core/src/expr/fetch.rs)(1196472657)
Fetchs:1(surrealdb/core/src/expr/fetch.rs)(3304008976)
Field:1(surrealdb/core/src/expr/field.rs)(1635715400)
FieldDefinition:3(surrealdb/core/src/catalog/schema/field.rs)(84246155)
Fields:1(surrealdb/core/src/expr/field.rs)(708255185)
File:1(surrealdb/core/src/val/file.rs)(2034195444)
Filter:1(surrealdb/core/src/expr/filter.rs)(1262677263)
FullTextParams:1(surrealdb/core/src/catalog/schema/index.rs)(2685434428)
FunctionDefinition:2(surrealdb/core/src/catalog/schema/function.rs)(850640397)
Geometry:1(surrealdb/core/src/val/geometry.rs)(2921009439)
GeometryKind:1(surrealdb/core/src/expr/kind.rs)(1417498589)
Grant:1(surrealdb/core/src/catalog/access.rs)(2833839629)
GrantBearer:1(surrealdb/core/src/catalog/access.rs)(1818196682)
GrantJwt:1(surrealdb/core/src/catalog/access.rs)(739551147)
GrantRecord:1(surrealdb/core/src/catalog/access.rs)(2728647475)
GraphQLConfig:3(surrealdb/core/src/catalog/schema/config.rs)(3713057038)
GraphQLFunctionsConfig:1(surrealdb/core/src/catalog/schema/config.rs)(2171785202)
GraphQLIntrospectionConfig:1(surrealdb/core/src/catalog/schema/config.rs)(921588970)
GraphQLTablesConfig:1(surrealdb/core/src/catalog/schema/config.rs)(3944063025)
Group:1(surrealdb/core/src/expr/group.rs)(775568656)
Groups:1(surrealdb/core/src/expr/group.rs)(835573953)
HnswDocsState:1(surrealdb/core/src/idx/trees/hnsw/docs.rs)(2425597164)
HnswParams:2(surrealdb/core/src/catalog/schema/index.rs)(114506000)
HnswState:1(surrealdb/core/src/idx/trees/hnsw/mod.rs)(689780994)
Ids64:1(surrealdb/core/src/idx/trees/knn.rs)(2152899576)
Index:1(surrealdb/core/src/catalog/schema/index.rs)(737650760)
IndexDefinition:1(surrealdb/core/src/catalog/schema/index.rs)(3140734722)
JwtAccess:1(surrealdb/core/src/catalog/schema/access.rs)(3963131422)
JwtAccessIssue:1(surrealdb/core/src/catalog/schema/access.rs)(2388095490)
JwtAccessVerify:1(surrealdb/core/src/catalog/schema/access.rs)(2148549403)
JwtAccessVerifyJwks:1(surrealdb/core/src/catalog/schema/access.rs)(3060305887)
JwtAccessVerifyKey:1(surrealdb/core/src/catalog/schema/access.rs)(1321010906)
Kind:1(surrealdb/core/src/expr/kind.rs)(4081938652)
KindLiteral:1(surrealdb/core/src/expr/kind.rs)(1507917015)
Language:1(surrealdb/core/src/expr/language.rs)(530318510)
LayerState:1(surrealdb/core/src/idx/trees/hnsw/layer.rs)(2388311728)
Level:1(surrealdb/core/src/iam/entities/resources/level.rs)(4956631)
Metadata:1(surrealdb/core/src/catalog/record.rs)(3089382273)
MiddlewareDefinition:1(surrealdb/core/src/catalog/schema/api.rs)(250320454)
MlModelDefinition:1(surrealdb/core/src/catalog/schema/ml/model.rs)(2164970973)
ModuleDefinition:1(surrealdb/core/src/catalog/schema/module.rs)(4129259475)
ModuleExecutable:1(surrealdb/core/src/catalog/module.rs)(1790069423)
NamespaceDefinition:1(surrealdb/core/src/catalog/namespace.rs)(1076991370)
Node:1(surrealdb/core/src/dbs/node.rs)(202953169)
NodeLiveQuery:1(surrealdb/core/src/catalog/subscription.rs)(4012683824)
Number:1(surrealdb/core/src/val/number.rs)(1299606723)
Object:1(surrealdb/core/src/val/object.rs)(3643027556)
Offset:1(surrealdb/core/src/idx/ft/offset.rs)(410293916)
Operation:1(surrealdb/core/src/expr/operation.rs)(3048132282)
ParamDefinition:1(surrealdb/core/src/catalog/schema/param.rs)(38890492)
Permission:1(surrealdb/core/src/catalog/schema/mod.rs)(2984200659)
Permissions:1(surrealdb/core/src/catalog/schema/mod.rs)(1998363305)
PrimaryAppending:2(surrealdb/core/src/kvs/index.rs)(1584126175)
ProxyArray:1(language-tests/src/cmd/upgrade/protocol.rs)(4209387088)
ProxyNumber:1(language-tests/src/cmd/upgrade/protocol.rs)(1364939539)
ProxyObject:1(language-tests/src/cmd/upgrade/protocol.rs)(2474217323)
ProxyValue:1(language-tests/src/cmd/upgrade/protocol.rs)(2313570250)
QueryType:1(surrealdb/core/src/dbs/response.rs)(1841089473)
Range:1(surrealdb/core/src/val/range.rs)(3830271455)
Record:1(surrealdb/core/src/catalog/record.rs)(2648483290)
RecordAccess:1(surrealdb/core/src/catalog/schema/access.rs)(1607416420)
RecordId:1(surrealdb/core/src/val/record_id.rs)(1615772546)
RecordIdKey:1(surrealdb/core/src/val/record_id.rs)(466500116)
RecordIdKeyRange:1(surrealdb/core/src/val/record_id.rs)(2717099350)
RecordType:1(surrealdb/core/src/catalog/record.rs)(2784929409)
Reference:1(surrealdb/core/src/expr/reference.rs)(3647636218)
ReferenceDeleteStrategy:1(surrealdb/core/src/expr/reference.rs)(4206672664)
Regex:1(surrealdb/core/src/val/regex.rs)(3293217283)
Relation:2(surrealdb/core/src/catalog/table.rs)(3166613370)
Resource:1(surrealdb/core/src/iam/entities/resources/resource.rs)(4254546035)
ResourceKind:5(surrealdb/core/src/iam/entities/resources/resource.rs)(2563394958)
Role:1(surrealdb/core/src/iam/entities/roles.rs)(2569727248)
Scoring:1(surrealdb/core/src/catalog/schema/index.rs)(1441311135)
Scoring:1(surrealdb/core/src/sql/scoring.rs)(454667327)
Selector:1(surrealdb/core/src/expr/field.rs)(1312688737)
SequenceDefinition:1(surrealdb/core/src/catalog/schema/sequence.rs)(2403390086)
SequenceState:1(surrealdb/core/src/kvs/sequences.rs)(1244652175)
SerializedVector:1(surrealdb/core/src/idx/trees/vector.rs)(1957372349)
Set:1(surrealdb/core/src/val/set.rs)(2852828962)
SiloExecutable:1(surrealdb/core/src/catalog/module.rs)(1167867872)
Status:1(surrealdb/core/src/dbs/response.rs)(148572768)
Subject:1(surrealdb/core/src/catalog/access.rs)(3186746435)
SubscriptionDefinition:1(surrealdb/core/src/catalog/subscription.rs)(1547696647)
SubscriptionFields:1(surrealdb/core/src/catalog/subscription.rs)(3686695075)
SurrealismExecutable:1(surrealdb/core/src/catalog/module.rs)(3952219534)
TableDefinition:1(surrealdb/core/src/catalog/table.rs)(3922625306)
TableMutation:1(surrealdb/core/src/cf/mutations.rs)(2792068793)
TableMutations:1(surrealdb/core/src/cf/mutations.rs)(3266837622)
TableType:1(surrealdb/core/src/catalog/table.rs)(2044425979)
TaskLease:1(surrealdb/core/src/kvs/tasklease.rs)(2320248365)
TermDocument:1(surrealdb/core/src/idx/ft/fulltext.rs)(3947251675)
Timestamp:1(surrealdb/core/src/dbs/node.rs)(3620781837)
Tokenizer:1(surrealdb/core/src/expr/tokenizer.rs)(1611146846)
UserDefinition:1(surrealdb/core/src/catalog/schema/user.rs)(150755510)
Uuid:1(surrealdb/core/src/val/uuid.rs)(4262730714)
Value:1(surrealdb/core/src/val/mod.rs)(2869057048)
VectorId:1(surrealdb/core/src/idx/trees/hnsw/mod.rs)(936196717)
VectorPendingUpdate:1(surrealdb/core/src/idx/trees/hnsw/mod.rs)(267599870)
VectorType:1(surrealdb/core/src/catalog/schema/index.rs)(118534548)
ViewDefinition:1(surrealdb/core/src/catalog/view.rs)(1937128515)
WriteMutationSet:1(surrealdb/core/src/cf/mutations.rs)(3838290965)