revision-lock version:0.1.0
Access:1(crates/core/src/expr/access.rs)(2437173937)
AccessDuration:1(crates/core/src/expr/access.rs)(1437838927)
AccessGrantStore:1(crates/core/src/expr/statements/access.rs)(3004724584)
AccessStatement:1(crates/core/src/expr/statements/access.rs)(3979436286)
AccessStatementGrant:1(crates/core/src/expr/statements/access.rs)(1928702943)
AccessStatementPurge:1(crates/core/src/expr/statements/access.rs)(728387850)
AccessStatementRevoke:1(crates/core/src/expr/statements/access.rs)(367845802)
AccessStatementShow:1(crates/core/src/expr/statements/access.rs)(2201366841)
AccessType:1(crates/core/src/expr/access_type.rs)(1569493638)
Accesses:1(crates/core/src/expr/access.rs)(3838380920)
Action:2(crates/core/src/dbs/notification.rs)(1456136086)
Actor:1(crates/core/src/iam/entities/resources/actor.rs)(3298523520)
Algorithm:1(crates/core/src/expr/algorithm.rs)(326413315)
AlterDefault:1(crates/core/src/expr/statements/alter/field.rs)(3167580945)
AlterFieldStatement:1(crates/core/src/expr/statements/alter/field.rs)(1636516123)
AlterSequenceStatement:1(crates/core/src/expr/statements/alter/sequence.rs)(3729057002)
AlterStatement:1(crates/core/src/expr/statements/alter/mod.rs)(711705455)
AlterTableStatement:1(crates/core/src/expr/statements/alter/table.rs)(4103845281)
AnalyzeStatement:1(crates/core/src/expr/statements/analyze.rs)(3987943453)
ApiAction:1(crates/core/src/expr/statements/define/api.rs)(1629839797)
ApiActionStore:1(crates/core/src/expr/statements/define/api.rs)(2022909317)
ApiConfig:1(crates/core/src/expr/statements/define/config/api.rs)(3506761195)
ApiConfigStore:1(crates/core/src/expr/statements/define/config/api.rs)(3281227602)
ApiDefinition:1(crates/core/src/expr/statements/define/api.rs)(4127554880)
Appending:1(crates/core/src/kvs/index.rs)(2401017138)
Array:1(crates/core/src/val/array.rs)(1218418669)
AssignOperator:1(crates/core/src/expr/operator.rs)(390365885)
Assignment:1(crates/core/src/expr/data.rs)(1586586177)
Auth:1(crates/core/src/iam/auth.rs)(2565165447)
BState:2(crates/core/src/idx/trees/btree.rs)(3937194668)
BState1:1(crates/core/src/idx/trees/btree.rs)(397355141)
BState1skip:1(crates/core/src/idx/trees/btree.rs)(50555079)
BTreeDocIdsState:1(crates/core/src/idx/docids/btdocids.rs)(2406536572)
Base:1(crates/core/src/expr/base.rs)(2188943831)
BatchValue:1(crates/core/src/kvs/sequences.rs)(2820188155)
BearerAccess:1(crates/core/src/expr/access_type.rs)(1783823028)
BearerAccessSubject:1(crates/core/src/expr/access_type.rs)(1279846250)
BearerAccessType:1(crates/core/src/expr/access_type.rs)(2987273098)
BinaryOperator:1(crates/core/src/expr/operator.rs)(2050374478)
Block:1(crates/core/src/expr/block.rs)(4264858845)
BooleanOperator:1(crates/core/src/expr/operator.rs)(3037279736)
BucketDefinition:1(crates/core/src/expr/statements/define/bucket.rs)(3431566962)
Bytes:1(crates/core/src/val/bytes.rs)(1591138719)
Bytes:1(crates/sdk/src/api/value/mod.rs)(506609931)
Bytesize:1(crates/core/src/expr/bytesize.rs)(3342908571)
ChangeFeed:1(crates/core/src/expr/changefeed.rs)(1794246092)
ChangeFeedInclude:1(crates/core/src/expr/change_feed_include.rs)(3140735227)
ChangeSet:1(crates/core/src/cf/mutations.rs)(3881501766)
Closure:1(crates/core/src/val/closure.rs)(3087151031)
Cond:1(crates/core/src/expr/cond.rs)(1348082230)
ConfigInner:1(crates/core/src/expr/statements/define/config/mod.rs)(393009426)
ConfigKind:1(crates/core/src/iam/entities/resources/resource.rs)(2469351695)
ConfigStore:1(crates/core/src/expr/statements/define/config/mod.rs)(3140413506)
Constant:1(crates/core/src/expr/constant.rs)(793494834)
CreateStatement:1(crates/core/src/expr/statements/create.rs)(872350328)
Data:1(crates/core/src/expr/data.rs)(2792518867)
Data:1(crates/core/src/rpc/response.rs)(2660133144)
Data:1(crates/language-tests/src/cmd/upgrade/process.rs)(3500925211)
Data:1(crates/sdk/src/api/engine/remote/mod.rs)(961311954)
DatabaseDefinition:1(crates/core/src/catalog/database.rs)(1375279993)
DatabaseMutation:1(crates/core/src/cf/mutations.rs)(3837835898)
Datetime:1(crates/core/src/val/datetime.rs)(2490552886)
DefineAccessStatement:1(crates/core/src/expr/statements/define/access.rs)(1785895262)
DefineAnalyzerStatement:1(crates/core/src/expr/statements/define/analyzer.rs)(2991494706)
DefineApiStatement:1(crates/core/src/expr/statements/define/api.rs)(3545166157)
DefineBucketStatement:1(crates/core/src/expr/statements/define/bucket.rs)(3273437571)
DefineConfigStatement:1(crates/core/src/expr/statements/define/config/mod.rs)(645386217)
DefineDatabaseStatement:1(crates/core/src/expr/statements/define/database.rs)(3181979855)
DefineDefault:1(crates/core/src/expr/statements/define/field.rs)(976902257)
DefineEventStatement:1(crates/core/src/expr/statements/define/event.rs)(716937013)
DefineFieldStatement:1(crates/core/src/expr/statements/define/field.rs)(4234924363)
DefineFunctionStatement:1(crates/core/src/expr/statements/define/function.rs)(3720053814)
DefineIndexStatement:1(crates/core/src/expr/statements/define/index.rs)(2296212790)
DefineKind:1(crates/core/src/expr/statements/define/mod.rs)(2932573431)
DefineModelStatement:1(crates/core/src/expr/statements/define/model.rs)(1929530003)
DefineNamespaceStatement:1(crates/core/src/expr/statements/define/namespace.rs)(3773313443)
DefineParamStatement:1(crates/core/src/expr/statements/define/param.rs)(2411952405)
DefineParamStore:1(crates/core/src/expr/statements/define/param.rs)(1889331190)
DefineSequenceStatement:1(crates/core/src/expr/statements/define/sequence.rs)(525958304)
DefineStatement:1(crates/core/src/expr/statements/define/mod.rs)(1208216894)
DefineTableStatement:1(crates/core/src/expr/statements/define/table.rs)(2111186162)
DefineUserStatement:1(crates/core/src/expr/statements/define/user.rs)(119885889)
DeleteStatement:1(crates/core/src/expr/statements/delete.rs)(3442873874)
DestructurePart:1(crates/core/src/expr/part.rs)(2204184040)
Dir:1(crates/core/src/expr/dir.rs)(815916332)
Dir:1(crates/core/src/sql/dir.rs)(1619193860)
Distance:1(crates/core/src/expr/index.rs)(4194692227)
Distance1:1(crates/core/src/expr/index.rs)(1866625782)
DocLengthAndCount:1(crates/core/src/idx/ft/fulltext.rs)(1531579859)
Duration:1(crates/core/src/val/duration.rs)(2223277812)
ElementDocs:1(crates/core/src/idx/trees/hnsw/docs.rs)(3779539790)
Explain:1(crates/core/src/expr/explain.rs)(2608588332)
Expr:1(crates/core/src/expr/expression.rs)(3138048429)
Failure:1(crates/language-tests/src/cmd/upgrade/process.rs)(4219979751)
Failure:1(crates/sdk/src/api/engine/proto.rs)(4249329354)
Failure:1(crates/sdk/src/api/engine/remote/mod.rs)(4249329354)
Fetch:1(crates/core/src/expr/fetch.rs)(2947946522)
Fetchs:1(crates/core/src/expr/fetch.rs)(4012445370)
Field:1(crates/core/src/expr/field.rs)(2538352073)
Fields:1(crates/core/src/expr/field.rs)(1335207832)
File:1(crates/core/src/val/file.rs)(1710992620)
Filter:1(crates/core/src/expr/filter.rs)(1184463272)
ForeachStatement:1(crates/core/src/expr/statements/foreach.rs)(4285232111)
FullTextParams:1(crates/core/src/expr/index.rs)(2094533903)
Function:1(crates/core/src/expr/function.rs)(616782057)
FunctionCall:1(crates/core/src/expr/function.rs)(2560229610)
FunctionsConfig:1(crates/core/src/expr/statements/define/config/graphql.rs)(3447110115)
Geometry:1(crates/core/src/val/geometry.rs)(32427510)
GeometryKind:1(crates/core/src/expr/kind.rs)(3429247957)
Grant:1(crates/core/src/expr/statements/access.rs)(2104514363)
GrantBearer:1(crates/core/src/expr/statements/access.rs)(1497050390)
GrantJwt:1(crates/core/src/expr/statements/access.rs)(961219615)
GrantRecord:1(crates/core/src/expr/statements/access.rs)(269408807)
Graph:1(crates/core/src/expr/graph.rs)(3906019026)
GraphQLConfig:1(crates/core/src/expr/statements/define/config/graphql.rs)(834475361)
GraphSubject:1(crates/core/src/expr/graph.rs)(1204223656)
Group:1(crates/core/src/expr/group.rs)(444627705)
Groups:1(crates/core/src/expr/group.rs)(3459623272)
HnswDocsState:1(crates/core/src/idx/trees/hnsw/docs.rs)(3866831112)
HnswParams:1(crates/core/src/expr/index.rs)(1896205340)
HnswState:1(crates/core/src/idx/trees/hnsw/mod.rs)(761523903)
Id:1(crates/core/src/kvs/version/fixes/v1_to_2_id_uuid/deps.rs)(1516623240)
Ident:1(crates/core/src/expr/ident.rs)(386520035)
Idiom:1(crates/core/src/expr/idiom/mod.rs)(3133757079)
Idioms:1(crates/core/src/expr/idiom/mod.rs)(1360833154)
Ids64:1(crates/core/src/idx/trees/knn.rs)(2152899576)
IfelseStatement:1(crates/core/src/expr/statements/ifelse.rs)(2671115826)
Index:1(crates/core/src/expr/index.rs)(1303278446)
InfoStatement:1(crates/core/src/expr/statements/info.rs)(590933465)
Inner:1(src/rpc/failure.rs)(555517027)
InsertStatement:1(crates/core/src/expr/statements/insert.rs)(3649435528)
JwtAccess:1(crates/core/src/expr/access_type.rs)(1900012793)
JwtAccessIssue:1(crates/core/src/expr/access_type.rs)(1364923238)
JwtAccessVerify:1(crates/core/src/expr/access_type.rs)(1731739935)
JwtAccessVerifyJwks:1(crates/core/src/expr/access_type.rs)(3007435207)
JwtAccessVerifyKey:1(crates/core/src/expr/access_type.rs)(154486736)
KillStatement:1(crates/core/src/expr/statements/kill.rs)(2000199485)
Kind:1(crates/core/src/expr/kind.rs)(3229927040)
KindLiteral:1(crates/core/src/expr/kind.rs)(1855037728)
Language:1(crates/core/src/expr/language.rs)(3613422014)
LayerState:1(crates/core/src/idx/trees/hnsw/layer.rs)(2388311728)
Level:1(crates/core/src/iam/entities/resources/level.rs)(4956631)
Limit:1(crates/core/src/expr/limit.rs)(2706071569)
Literal:1(crates/core/src/expr/literal.rs)(1639164291)
Live:1(crates/core/src/kvs/live.rs)(523537296)
LiveStatement:1(crates/core/src/expr/statements/live.rs)(2005609445)
MState:2(crates/core/src/idx/trees/mtree.rs)(1681742434)
MTreeParams:1(crates/core/src/expr/index.rs)(3608144857)
MatchesOperator:1(crates/core/src/expr/operator.rs)(2397819563)
Metadata:1(crates/core/src/val/record.rs)(2360034737)
Method:1(crates/core/src/api/method.rs)(1689918604)
Middleware:1(crates/core/src/expr/statements/define/config/api.rs)(1070086828)
MiddlewareStore:1(crates/core/src/expr/statements/define/config/api.rs)(1352522224)
Mock:1(crates/core/src/expr/mock.rs)(3086718920)
Model:1(crates/core/src/expr/model.rs)(870309637)
NamespaceDefinition:1(crates/core/src/catalog/namespace.rs)(1076991370)
NearestNeighbor:1(crates/core/src/expr/operator.rs)(1164426843)
Node:2(crates/core/src/dbs/node.rs)(1936120407)
Notification:1(crates/core/src/dbs/notification.rs)(62077355)
Number:1(crates/core/src/val/number.rs)(3358680838)
Object:1(crates/core/src/val/object.rs)(2381666571)
ObjectEntry:1(crates/core/src/expr/literal.rs)(292708465)
Offset:1(crates/core/src/idx/ft/offset.rs)(3130440757)
Operation:1(crates/core/src/expr/operation.rs)(1538502743)
OptionStatement:1(crates/core/src/expr/statements/option.rs)(3106035121)
Order:1(crates/core/src/expr/order.rs)(2099299684)
OrderList:1(crates/core/src/expr/order.rs)(3393648060)
Ordering:1(crates/core/src/expr/order.rs)(1679044305)
Output:1(crates/core/src/expr/output.rs)(1700326072)
OutputStatement:1(crates/core/src/expr/statements/output.rs)(3409162035)
Param:1(crates/core/src/expr/param.rs)(3580225962)
Part:1(crates/core/src/expr/part.rs)(4212653734)
Path:1(crates/core/src/api/path.rs)(1355583133)
Permission:1(crates/core/src/expr/permission.rs)(2718232640)
Permissions:1(crates/core/src/expr/permission.rs)(3880688072)
PostfixOperator:1(crates/core/src/expr/operator.rs)(1572828925)
PrefixOperator:1(crates/core/src/expr/operator.rs)(3974945606)
PrimaryAppending:1(crates/core/src/kvs/index.rs)(3728493695)
ProxyArray:1(crates/language-tests/src/cmd/upgrade/protocol.rs)(4209387088)
ProxyNumber:1(crates/language-tests/src/cmd/upgrade/protocol.rs)(1364939539)
ProxyObject:1(crates/language-tests/src/cmd/upgrade/protocol.rs)(2474217323)
ProxyStrand:1(crates/language-tests/src/cmd/upgrade/protocol.rs)(2868445007)
ProxyValue:1(crates/language-tests/src/cmd/upgrade/protocol.rs)(3659874570)
QueryMethodResponse:1(crates/core/src/dbs/response.rs)(2790109961)
QueryMethodResponse:1(crates/sdk/src/api/engine/proto.rs)(372113540)
QueryType:1(crates/core/src/dbs/response.rs)(170992857)
Range:1(crates/core/src/val/range.rs)(1368617499)
RebuildIndexStatement:1(crates/core/src/expr/statements/rebuild.rs)(72350792)
RebuildStatement:1(crates/core/src/expr/statements/rebuild.rs)(260542644)
Record:1(crates/core/src/val/record.rs)(525701621)
Record:1(crates/macros/examples/store.rs)(3599981109)
RecordAccess:4(crates/core/src/expr/access_type.rs)(864014251)
RecordId:1(crates/core/src/val/record_id.rs)(1205059361)
RecordIdKey:1(crates/core/src/val/record_id.rs)(2378345130)
RecordIdKeyGen:1(crates/core/src/expr/record_id/key.rs)(3594472491)
RecordIdKeyLit:1(crates/core/src/expr/record_id/key.rs)(1209891858)
RecordIdKeyRange:1(crates/core/src/val/record_id.rs)(625437917)
RecordIdKeyRangeLit:1(crates/core/src/expr/record_id/range.rs)(79342321)
RecordIdLit:1(crates/core/src/expr/record_id/mod.rs)(1948062338)
RecordType:1(crates/core/src/val/record.rs)(1442882422)
Recurse:1(crates/core/src/expr/part.rs)(3606626795)
RecurseInstruction:1(crates/core/src/expr/part.rs)(455386394)
Reference:1(crates/core/src/expr/reference.rs)(4150844789)
ReferenceDeleteStrategy:1(crates/core/src/expr/reference.rs)(2693525403)
Refs:1(crates/core/src/expr/reference.rs)(3521023855)
Regex:1(crates/core/src/val/regex.rs)(3293217283)
RelateStatement:1(crates/core/src/expr/statements/relate.rs)(214562324)
Relation:1(crates/core/src/catalog/table.rs)(363206772)
RemoveAccessStatement:1(crates/core/src/expr/statements/remove/access.rs)(2651224304)
RemoveAnalyzerStatement:1(crates/core/src/expr/statements/remove/analyzer.rs)(3706519582)
RemoveBucketStatement:1(crates/core/src/expr/statements/remove/bucket.rs)(3579154822)
RemoveDatabaseStatement:1(crates/core/src/expr/statements/remove/database.rs)(1936781402)
RemoveEventStatement:1(crates/core/src/expr/statements/remove/event.rs)(2252808672)
RemoveFieldStatement:1(crates/core/src/expr/statements/remove/field.rs)(3263595967)
RemoveFunctionStatement:1(crates/core/src/expr/statements/remove/function.rs)(1271767770)
RemoveIndexStatement:1(crates/core/src/expr/statements/remove/index.rs)(3265597818)
RemoveModelStatement:2(crates/core/src/expr/statements/remove/model.rs)(2655601178)
RemoveNamespaceStatement:1(crates/core/src/expr/statements/remove/namespace.rs)(1288618783)
RemoveParamStatement:1(crates/core/src/expr/statements/remove/param.rs)(4109636952)
RemoveSequenceStatement:1(crates/core/src/expr/statements/remove/sequence.rs)(3643658415)
RemoveStatement:1(crates/core/src/expr/statements/remove/mod.rs)(3215313531)
RemoveTableStatement:1(crates/core/src/expr/statements/remove/table.rs)(1887437881)
RemoveUserStatement:1(crates/core/src/expr/statements/remove/user.rs)(3687602610)
RequestMiddleware:1(crates/core/src/api/middleware/mod.rs)(3876052389)
Resource:1(crates/core/src/iam/entities/resources/resource.rs)(4254546035)
ResourceKind:5(crates/core/src/iam/entities/resources/resource.rs)(2512613217)
Response:1(crates/language-tests/src/cmd/upgrade/process.rs)(2791491448)
Response:1(crates/sdk/src/api/engine/remote/mod.rs)(102586809)
Response:1(src/rpc/response.rs)(4020183302)
Role:1(crates/core/src/iam/entities/roles.rs)(2569727248)
Scoring:1(crates/core/src/expr/scoring.rs)(3474763585)
Scoring:1(crates/core/src/sql/scoring.rs)(200633025)
Script:1(crates/core/src/expr/script.rs)(3772295452)
SearchIndexState:1(crates/core/src/idx/ft/search/mod.rs)(647714683)
SearchParams:1(crates/core/src/expr/index.rs)(1654084167)
SearchTermsState:1(crates/core/src/idx/ft/search/terms.rs)(3378883536)
Segment:1(crates/core/src/api/path.rs)(3724861141)
SelectStatement:1(crates/core/src/expr/statements/select.rs)(1116598283)
SequenceState:1(crates/core/src/kvs/sequences.rs)(3024385266)
SerializedVector:1(crates/core/src/idx/trees/vector.rs)(2029027117)
SetStatement:1(crates/core/src/expr/statements/set.rs)(4172737674)
ShowSince:1(crates/core/src/expr/statements/show.rs)(4012354821)
ShowStatement:1(crates/core/src/expr/statements/show.rs)(2288885438)
SigninData:1(crates/core/src/iam/signin.rs)(1831582737)
SignupData:1(crates/core/src/iam/signup.rs)(3900630592)
SleepStatement:1(crates/core/src/expr/statements/sleep.rs)(3324871651)
Split:1(crates/core/src/expr/split.rs)(3976985373)
Splits:1(crates/core/src/expr/split.rs)(2243905013)
Start:1(crates/core/src/expr/start.rs)(1324431736)
State1:1(crates/core/src/idx/docids/btdocids.rs)(4223440936)
State1:1(crates/core/src/idx/ft/search/terms.rs)(1317767570)
State1skip:1(crates/core/src/idx/docids/btdocids.rs)(1300576877)
State1skip:1(crates/core/src/idx/ft/search/terms.rs)(4217194031)
Status:1(crates/core/src/dbs/response.rs)(646768685)
Status:1(crates/sdk/src/api/engine/proto.rs)(2958530018)
Strand:1(crates/core/src/val/strand.rs)(797863826)
Subject:1(crates/core/src/expr/statements/access.rs)(299039989)
SubjectStore:1(crates/core/src/expr/statements/access.rs)(3740665281)
Table:1(crates/core/src/val/table.rs)(841848486)
TableConfig:1(crates/core/src/expr/statements/define/config/graphql.rs)(1259845243)
TableDefinition:1(crates/core/src/catalog/table.rs)(976233260)
TableMutation:1(crates/core/src/cf/mutations.rs)(3785531962)
TableMutations:1(crates/core/src/cf/mutations.rs)(4124402196)
TableType:1(crates/core/src/catalog/table.rs)(3123990632)
TablesConfig:1(crates/core/src/expr/statements/define/config/graphql.rs)(1090812586)
TaskLease:1(crates/core/src/kvs/tasklease.rs)(2320248365)
TermDocument:1(crates/core/src/idx/ft/fulltext.rs)(3947251675)
Timeout:1(crates/core/src/expr/timeout.rs)(532834946)
Timestamp:1(crates/core/src/dbs/node.rs)(3620781837)
Tokenizer:1(crates/core/src/expr/tokenizer.rs)(2541142165)
U32:1(crates/core/src/idg/u32.rs)(3865877423)
UpdateStatement:1(crates/core/src/expr/statements/update.rs)(1310859476)
UpsertStatement:1(crates/core/src/expr/statements/upsert.rs)(2864036938)
UseStatement:1(crates/core/src/expr/statements/use.rs)(257648704)
UserDuration:1(crates/core/src/expr/user.rs)(3034710425)
Uuid:1(crates/core/src/val/uuid.rs)(3941131514)
Value:1(crates/core/src/val/mod.rs)(1956843608)
VectorType:1(crates/core/src/expr/index.rs)(3194482166)
View:1(crates/core/src/expr/view.rs)(4015058040)
ViewDefinition:1(crates/core/src/catalog/view.rs)(3101538637)
With:1(crates/core/src/expr/with.rs)(3644279436)
WriteMutationSet:1(crates/core/src/cf/mutations.rs)(2059778471)