Access(src/sql/access.rs)=1
AccessDuration(src/sql/access.rs)=1
AccessGrant(src/sql/statements/access.rs)=1
AccessStatement(src/sql/statements/access.rs)=1
AccessStatementGrant(src/sql/statements/access.rs)=1
AccessStatementList(src/sql/statements/access.rs)=1
AccessStatementRevoke(src/sql/statements/access.rs)=1
AccessType(src/sql/access_type.rs)=2
Accesses(src/sql/access.rs)=1
Action(src/dbs/notification.rs)=1
Actor(src/iam/entities/resources/actor.rs)=1
Algorithm(src/sql/algorithm.rs)=1
AlterStatement(src/sql/statements/alter/mod.rs)=1
AlterTableStatement(src/sql/statements/alter/table.rs)=1
AnalyzeStatement(src/sql/statements/analyze.rs)=1
Appending(src/kvs/index.rs)=1
Array(src/sql/array.rs)=1
Auth(src/iam/auth.rs)=1
BState(src/idx/trees/btree.rs)=2
BState1(src/idx/trees/btree.rs)=1
BState1skip(src/idx/trees/btree.rs)=1
Base(src/sql/base.rs)=1
BearerAccess(src/sql/access_type.rs)=1
BearerAccessLevel(src/sql/access_type.rs)=1
BeginStatement;(src/sql/statements/begin.rs)=1
Block(src/sql/block.rs)=1
BreakStatement;(src/sql/statements/break.rs)=1
Bytes(src/sql/bytes.rs)=1
CancelStatement;(src/sql/statements/cancel.rs)=1
Cast(src/sql/cast.rs)=1
ChangeFeed(src/sql/changefeed.rs)=2
ChangeFeedInclude(src/sql/change_feed_include.rs)=1
ChangeSet(src/cf/mutations.rs)=1
Closure(src/sql/closure.rs)=1
CommitStatement;(src/sql/statements/commit.rs)=1
Cond(src/sql/cond.rs)=1
ConfigInner(src/sql/statements/define/config/mod.rs)=1
ConfigKind(src/iam/entities/resources/resource.rs)=1
Constant(src/sql/constant.rs)=1
ContinueStatement;(src/sql/statements/continue.rs)=1
CreateStatement(src/sql/statements/create.rs)=3
Data(src/rpc/response.rs)=1
Data(src/sql/data.rs)=1
DatabaseMutation(src/cf/mutations.rs)=1
Datetime(src/sql/datetime.rs)=1
DefineAccessStatement(src/sql/statements/define/access.rs)=3
DefineAnalyzerStatement(src/sql/statements/define/analyzer.rs)=4
DefineConfigStatement(src/sql/statements/define/config/mod.rs)=1
DefineDatabaseStatement(src/sql/statements/define/database.rs)=3
DefineEventStatement(src/sql/statements/define/event.rs)=3
DefineFieldStatement(src/sql/statements/define/field.rs)=4
DefineFunctionStatement(src/sql/statements/define/function.rs)=4
DefineIndexStatement(src/sql/statements/define/index.rs)=4
DefineModelStatement(src/sql/statements/define/model.rs)=3
DefineNamespaceStatement(src/sql/statements/define/namespace.rs)=3
DefineParamStatement(src/sql/statements/define/param.rs)=3
DefineScopeStatement(src/sql/statements/define/deprecated/scope.rs)=2
DefineStatement(src/sql/statements/define/mod.rs)=2
DefineTableStatement(src/sql/statements/define/table.rs)=4
DefineTokenStatement(src/sql/statements/define/deprecated/token.rs)=2
DefineUserStatement(src/sql/statements/define/user.rs)=4
DeleteStatement(src/sql/statements/delete.rs)=2
DestructurePart(src/sql/part.rs)=1
Dir(src/sql/dir.rs)=1
Distance(src/sql/index.rs)=1
Distance1(src/sql/index.rs)=1
Duration(src/sql/duration.rs)=1
Edges(src/sql/edges.rs)=1
ElementDocs(src/idx/trees/hnsw/docs.rs)=1
Entry(src/sql/block.rs)=4
Explain(src/sql/explain.rs)=1
Expression(src/sql/expression.rs)=1
Fetch(src/sql/fetch.rs)=2
Fetchs(src/sql/fetch.rs)=1
Field(src/sql/field.rs)=1
Fields(src/sql/field.rs)=1
Filter(src/sql/filter.rs)=1
ForeachStatement(src/sql/statements/foreach.rs)=1
Function(src/sql/function.rs)=1
FunctionsConfig(src/sql/statements/define/config/graphql.rs)=1
Future(src/sql/future.rs)=1
Gen(src/sql/id/mod.rs)=1
Geometry(src/sql/geometry.rs)=1
Grant(src/sql/statements/access.rs)=1
GrantBearer(src/sql/statements/access.rs)=1
GrantJwt(src/sql/statements/access.rs)=1
GrantRecord(src/sql/statements/access.rs)=1
Graph(src/sql/graph.rs)=1
GraphQLConfig(src/sql/statements/define/config/graphql.rs)=1
Group(src/sql/group.rs)=1
Groups(src/sql/group.rs)=1
HnswParams(src/sql/index.rs)=1
HnswState(src/idx/trees/hnsw/mod.rs)=1
Id(src/kvs/version/fixes/v1_to_2_id_uuid/deps.rs)=1
Id(src/sql/id/mod.rs)=2
IdRange(src/sql/id/range.rs)=1
Ident(src/sql/ident.rs)=1
Idiom(src/sql/idiom.rs)=1
Idioms(src/sql/idiom.rs)=1
Ids64(src/idx/trees/knn.rs)=1
IfelseStatement(src/sql/statements/ifelse.rs)=1
Index(src/sql/index.rs)=2
InfoStatement(src/sql/statements/info.rs)=5
InsertStatement(src/sql/statements/insert.rs)=3
JwtAccess(src/sql/access_type.rs)=1
JwtAccessIssue(src/sql/access_type.rs)=1
JwtAccessVerify(src/sql/access_type.rs)=1
JwtAccessVerifyJwks(src/sql/access_type.rs)=1
JwtAccessVerifyKey(src/sql/access_type.rs)=1
KillStatement(src/sql/statements/kill.rs)=1
Kind(src/sql/kind.rs)=1
Language(src/sql/language.rs)=1
LayerState(src/idx/trees/hnsw/layer.rs)=1
Level(src/iam/entities/resources/level.rs)=1
Limit(src/sql/limit.rs)=1
Literal(src/sql/kind.rs)=1
Live(src/kvs/live.rs)=1
LiveStatement(src/sql/statements/live.rs)=1
MState(src/idx/trees/mtree.rs)=2
MTreeParams(src/sql/index.rs)=2
Mock(src/sql/mock.rs)=1
Model(src/sql/model.rs)=1
Node(src/dbs/node.rs)=2
Notification(src/dbs/notification.rs)=1
Number(src/sql/number.rs)=1
Object(src/sql/object.rs)=1
OldRange(src/sql/range.rs)=1
Operation(src/sql/operation.rs)=1
Operator(src/sql/operator.rs)=2
OptionStatement(src/sql/statements/option.rs)=1
Order(src/sql/order.rs)=1
Orders(src/sql/order.rs)=1
Output(src/sql/output.rs)=1
OutputStatement(src/sql/statements/output.rs)=1
Param(src/sql/param.rs)=1
Part(src/sql/part.rs)=2
Permission(src/sql/permission.rs)=1
Permissions(src/sql/permission.rs)=1
PrimaryAppending(src/kvs/index.rs)=1
Query(src/sql/query.rs)=1
QueryMethodResponse(src/dbs/response.rs)=1
Range(src/sql/range.rs)=1
RebuildIndexStatement(src/sql/statements/rebuild.rs)=1
RebuildStatement(src/sql/statements/rebuild.rs)=1
RecordAccess(src/sql/access_type.rs)=3
Regex(src/sql/regex.rs)=1
RelateStatement(src/sql/statements/relate.rs)=2
Relation(src/sql/table_type.rs)=2
RemoveAccessStatement(src/sql/statements/remove/access.rs)=2
RemoveAnalyzerStatement(src/sql/statements/remove/analyzer.rs)=2
RemoveDatabaseStatement(src/sql/statements/remove/database.rs)=2
RemoveEventStatement(src/sql/statements/remove/event.rs)=2
RemoveFieldStatement(src/sql/statements/remove/field.rs)=2
RemoveFunctionStatement(src/sql/statements/remove/function.rs)=2
RemoveIndexStatement(src/sql/statements/remove/index.rs)=2
RemoveModelStatement(src/sql/statements/remove/model.rs)=2
RemoveNamespaceStatement(src/sql/statements/remove/namespace.rs)=2
RemoveParamStatement(src/sql/statements/remove/param.rs)=2
RemoveStatement(src/sql/statements/remove/mod.rs)=1
RemoveTableStatement(src/sql/statements/remove/table.rs)=2
RemoveUserStatement(src/sql/statements/remove/user.rs)=2
Resource(src/iam/entities/resources/resource.rs)=1
ResourceKind(src/iam/entities/resources/resource.rs)=2
Role(src/iam/entities/roles.rs)=1
Scoring(src/sql/scoring.rs)=1
Script(src/sql/script.rs)=1
SearchParams(src/sql/index.rs)=2
SelectStatement(src/sql/statements/select.rs)=3
SerializedVector(src/idx/trees/vector.rs)=1
SetStatement(src/sql/statements/set.rs)=2
ShowSince(src/sql/statements/show.rs)=1
ShowStatement(src/sql/statements/show.rs)=1
SleepStatement(src/sql/statements/sleep.rs)=1
Split(src/sql/split.rs)=1
Splits(src/sql/split.rs)=1
Start(src/sql/start.rs)=1
State(src/idx/docids.rs)=1
State(src/idx/ft/mod.rs)=1
State(src/idx/ft/terms.rs)=1
State(src/idx/trees/hnsw/docs.rs)=1
State1(src/idx/docids.rs)=1
State1(src/idx/ft/terms.rs)=1
State1skip(src/idx/docids.rs)=1
State1skip(src/idx/ft/terms.rs)=1
Statement(src/sql/statement.rs)=5
Statements(src/sql/statement.rs)=1
Status(src/dbs/response.rs)=1
Strand(src/sql/strand.rs)=1
Subject(src/sql/statements/access.rs)=1
Subquery(src/sql/subquery.rs)=4
Table(src/sql/table.rs)=1
TableConfig(src/sql/statements/define/config/graphql.rs)=1
TableMutation(src/cf/mutations.rs)=2
TableMutations(src/cf/mutations.rs)=1
TableType(src/sql/table_type.rs)=1
Tables(src/sql/table.rs)=1
TablesConfig(src/sql/statements/define/config/graphql.rs)=1
Thing(src/sql/thing.rs)=1
ThrowStatement(src/sql/statements/throw.rs)=1
Timeout(src/sql/timeout.rs)=1
Timestamp(src/dbs/node.rs)=1
Tokenizer(src/sql/tokenizer.rs)=1
UpdateStatement(src/sql/statements/update.rs)=2
UpsertStatement(src/sql/statements/upsert.rs)=1
UseStatement(src/sql/statements/use.rs)=1
UserDuration(src/sql/user.rs)=1
Uuid(src/sql/uuid.rs)=1
Value(src/sql/value/value.rs)=2
Values(src/sql/value/value.rs)=1
VectorType(src/sql/index.rs)=1
Version(src/sql/version.rs)=1
View(src/sql/view.rs)=1
With(src/sql/with.rs)=1
WriteMutationSet(src/cf/mutations.rs)=1