Access=1
AccessDuration=1
AccessGrant=1
AccessStatement=1
AccessStatementGrant=1
AccessStatementList=1
AccessStatementRevoke=1
AccessType=2
Accesses=1
Action=1
Actor=1
Algorithm=1
AlterStatement=1
AlterTableStatement=1
AnalyzeStatement=1
Appending=1
Array=1
Auth=1
BState=2
Base=1
BearerAccess=1
BearerAccessLevel=1
BeginStatement;=1
Block=1
BreakStatement;=1
Bytes=1
CancelStatement;=1
Cast=1
ChangeFeed=2
ChangeFeedInclude=1
ChangeSet=1
Clone,=1
Closure=1
CommitStatement;=1
Cond=1
ConfigInner=1
ConfigKind=1
Constant=1
ContinueStatement;=1
CreateStatement=3
Data=1
DatabaseMutation=1
Datetime=1
DefineAccessStatement=3
DefineAnalyzerStatement=4
DefineConfigStatement=1
DefineDatabaseStatement=3
DefineEventStatement=3
DefineFieldStatement=4
DefineFunctionStatement=4
DefineIndexStatement=4
DefineModelStatement=3
DefineNamespaceStatement=3
DefineParamStatement=3
DefineScopeStatement=2
DefineStatement=2
DefineTableStatement=4
DefineTokenStatement=2
DefineUserStatement=4
DeleteStatement=2
DestructurePart=1
Dir=1
Distance=1
Distance1=1
Duration=1
Edges=1
ElementDocs=1
Entry=4
Explain=1
Expression=1
Fetch=2
Fetchs=1
Field=1
Fields=1
Filter=1
ForeachStatement=1
Function=1
FunctionsConfig=1
Future=1
Gen=1
Geometry=1
Grant=1
GrantBearer=1
GrantJwt=1
GrantRecord=1
Graph=1
GraphQLConfig=1
Group=1
Groups=1
HnswParams=1
Id=2
IdRange=1
Ident=1
Idiom=1
Idioms=1
IfelseStatement=1
Index=2
InfoStatement=5
InsertStatement=3
JwtAccess=1
JwtAccessIssue=1
JwtAccessVerify=1
JwtAccessVerifyJwks=1
JwtAccessVerifyKey=1
KillStatement=1
Kind=1
Language=1
Level=1
Limit=1
Literal=1
Live=1
LiveStatement=1
MState=2
MTreeParams=2
Mock=1
Model=1
Node=2
Notification=1
Number=1
Object=1
OldRange=1
Operation=1
Operator=2
OptionStatement=1
Order=1
Orders=1
Output=1
OutputStatement=1
Param=1
Part=2
Permission=1
Permissions=1
PrimaryAppending=1
Query=1
QueryMethodResponse=1
Range=1
RebuildIndexStatement=1
RebuildStatement=1
RecordAccess=3
Regex=1
RelateStatement=2
Relation=2
RemoveAccessStatement=2
RemoveAnalyzerStatement=2
RemoveDatabaseStatement=2
RemoveEventStatement=2
RemoveFieldStatement=2
RemoveFunctionStatement=2
RemoveIndexStatement=2
RemoveModelStatement=2
RemoveNamespaceStatement=2
RemoveParamStatement=2
RemoveStatement=1
RemoveTableStatement=2
RemoveUserStatement=2
Resource=1
ResourceKind=2
Role=1
Scoring=1
Script=1
SearchParams=2
SelectStatement=3
SerializedVector=1
SetStatement=2
ShowSince=1
ShowStatement=1
SleepStatement=1
Split=1
Splits=1
Start=1
State=1
State1=1
State1skip=1
Statement=5
Statements=1
Status=1
Strand=1
Subject=1
Subquery=4
Table=1
TableConfig=1
TableMutation=2
TableMutations=1
TableType=1
Tables=1
TablesConfig=1
Thing=1
ThrowStatement=1
Timeout=1
Tokenizer=1
UpdateStatement=2
UpsertStatement=1
UseStatement=1
UserDuration=1
Value=2
Values=1
VectorType=1
Version=1
View=1
With=1
WriteMutationSet=1
pub=1