{
  "lockfileVersion": 1,
  "workspaces": {
    "": {
      "name": "@surrealdb/wasm-native",
      "devDependencies": {
        "@surrealdb/cbor": "2.0.0-alpha.4",
      },
    },
  },
  "packages": {
    "@surrealdb/cbor": ["@surrealdb/cbor@2.0.0-alpha.4", "", {}, "sha512-l/hNZ3ZCOJq8rzwx1y5ZV/8b2bYCWdhGqRVY33Pu50NAHyAW5qLsMn3ZBkZow77mAKwNCsbDsRGnyYEuU95mjw=="],
  }
}
