{
  "lockfileVersion": 1,
  "workspaces": {
    "": {
      "name": "@surrealdb/node",
      "devDependencies": {
        "@napi-rs/cli": "^3.1.5",
        "dedent": "^1.7.0",
        "dts-bundle-generator": "^9.5.1",
        "rolldown": "1.0.0-beta.31",
        "surrealdb": "^2.0.8",
        "typescript": "~5.8.3",
      },
      "peerDependencies": {
        "surrealdb": "^2.0.1",
      },
    },
  },
  "packages": {
    "@emnapi/core": ["@emnapi/core@1.9.2", "", { "dependencies": { "@emnapi/wasi-threads": "1.2.1", "tslib": "^2.4.0" } }, "sha512-UC+ZhH3XtczQYfOlu3lNEkdW/p4dsJ1r/bP7H8+rhao3TTTMO1ATq/4DdIi23XuGoFY+Cz0JmCbdVl0hz9jZcA=="],

    "@emnapi/runtime": ["@emnapi/runtime@1.9.2", "", { "dependencies": { "tslib": "^2.4.0" } }, "sha512-3U4+MIWHImeyu1wnmVygh5WlgfYDtyf0k8AbLhMFxOipihf6nrWC4syIm/SwEeec0mNSafiiNnMJwbza/Is6Lw=="],

    "@emnapi/wasi-threads": ["@emnapi/wasi-threads@1.2.1", "", { "dependencies": { "tslib": "^2.4.0" } }, "sha512-uTII7OYF+/Mes/MrcIOYp5yOtSMLBWSIoLPpcgwipoiKbli6k322tcoFsxoIIxPDqW01SQGAgko4EzZi2BNv2w=="],

    "@inquirer/ansi": ["@inquirer/ansi@2.0.7", "", {}, "sha512-3eTuUO1vH2cZm2ZKHeQxnOqlTi9EfZDGgIe3BL3I4u+rJHocr9Fz86M4fjYABPvFnQG/gGK551HqDiIcETwU6Q=="],

    "@inquirer/checkbox": ["@inquirer/checkbox@5.2.1", "", { "dependencies": { "@inquirer/ansi": "^2.0.7", "@inquirer/core": "^11.2.1", "@inquirer/figures": "^2.0.7", "@inquirer/type": "^4.0.7" }, "peerDependencies": { "@types/node": ">=18" }, "optionalPeers": ["@types/node"] }, "sha512-b6xmA/VlTe0ZgDQHDui+Nav470u7u49nRd8/iuhOcQPO9Ch7lGuogydhi2VOmNlZ+zXcM8IcPuNSwQcdJaF/kw=="],

    "@inquirer/confirm": ["@inquirer/confirm@6.1.1", "", { "dependencies": { "@inquirer/core": "^11.2.1", "@inquirer/type": "^4.0.7" }, "peerDependencies": { "@types/node": ">=18" }, "optionalPeers": ["@types/node"] }, "sha512-eb8DBZcz/2qHWQda4rk2JiQk5h9QV/cVHi1yjt0f69WFZMRFn0sJTye3EAP8icut8UDMjQPsaH5KbcOogefrFQ=="],

    "@inquirer/core": ["@inquirer/core@11.2.1", "", { "dependencies": { "@inquirer/ansi": "^2.0.7", "@inquirer/figures": "^2.0.7", "@inquirer/type": "^4.0.7", "cli-width": "^4.1.0", "fast-wrap-ansi": "^0.2.0", "mute-stream": "^3.0.0", "signal-exit": "^4.1.0" }, "peerDependencies": { "@types/node": ">=18" }, "optionalPeers": ["@types/node"] }, "sha512-Qd6GJT1yVyrZZCfN8W2qKF5ApmqryXRhRKCuip8h01x2w/esJQ2XIYc6f9abMIHgKQdBfFTSOdbHRLAhuM09UA=="],

    "@inquirer/editor": ["@inquirer/editor@5.2.2", "", { "dependencies": { "@inquirer/core": "^11.2.1", "@inquirer/external-editor": "^3.0.3", "@inquirer/type": "^4.0.7" }, "peerDependencies": { "@types/node": ">=18" }, "optionalPeers": ["@types/node"] }, "sha512-ZRVd/oD+sYsUd5zVm0NflqEzlqfYCyHNsqkHl2oWXEUHs12tCbcSFi+wVFEvD8+LGRaMUsVrE7qeo6lSG/S1Vg=="],

    "@inquirer/expand": ["@inquirer/expand@5.1.1", "", { "dependencies": { "@inquirer/core": "^11.2.1", "@inquirer/type": "^4.0.7" }, "peerDependencies": { "@types/node": ">=18" }, "optionalPeers": ["@types/node"] }, "sha512-YmQpenjbFSHAK3sOd44puHh3V1KXXr+JiNpUztoSQ4drLh2rTVzTap/YtlAVu/5xavifIlBfNEzJ/neZJ1a/1g=="],

    "@inquirer/external-editor": ["@inquirer/external-editor@3.0.3", "", { "dependencies": { "chardet": "^2.1.1", "iconv-lite": "^0.7.2" }, "peerDependencies": { "@types/node": ">=18" }, "optionalPeers": ["@types/node"] }, "sha512-6thf5I8q7lZwzGLAxPaaGEREEkZ3nyePPDQ1oyobblxmEE8mqTLguScP7pDjUTAibiyb4hfXl+qjUEJ+di/aNA=="],

    "@inquirer/figures": ["@inquirer/figures@2.0.7", "", {}, "sha512-aJ8TBPOGB6f/2qziPfElISTCEd5XOYTFckA2SGjhNmiKzfK/u4ot3v0DUzGVdUnKjN10EqnnEPck36BkyfLnJw=="],

    "@inquirer/input": ["@inquirer/input@5.1.2", "", { "dependencies": { "@inquirer/core": "^11.2.1", "@inquirer/type": "^4.0.7" }, "peerDependencies": { "@types/node": ">=18" }, "optionalPeers": ["@types/node"] }, "sha512-9K/DDBSQpOyZSkt6sOVP9Vo0TR7atX2kuILsUu0x3wVcVbe97lJwIJKMLdMw25tDYuXl/qp6erT0Xs1rfmcfZg=="],

    "@inquirer/number": ["@inquirer/number@4.1.1", "", { "dependencies": { "@inquirer/core": "^11.2.1", "@inquirer/type": "^4.0.7" }, "peerDependencies": { "@types/node": ">=18" }, "optionalPeers": ["@types/node"] }, "sha512-XF4IXAbPnGPgw0wsbC/i2tPcyfdZgDpUlhsqU0SfT4IRIGWha6Xm9VRgN5yYxJq+jnyXlfXI/nQ3ulfk0iEICA=="],

    "@inquirer/password": ["@inquirer/password@5.1.1", "", { "dependencies": { "@inquirer/ansi": "^2.0.7", "@inquirer/core": "^11.2.1", "@inquirer/type": "^4.0.7" }, "peerDependencies": { "@types/node": ">=18" }, "optionalPeers": ["@types/node"] }, "sha512-3XBfF7DAsp5qeDsvN5Rd1HmbNokVvEQoUM0QLrRcybC9nX96w3Pbmu7qUsb3IT3J3jBvs2+mTXaKHOUsgHMLzg=="],

    "@inquirer/prompts": ["@inquirer/prompts@8.5.2", "", { "dependencies": { "@inquirer/checkbox": "^5.2.1", "@inquirer/confirm": "^6.1.1", "@inquirer/editor": "^5.2.2", "@inquirer/expand": "^5.1.1", "@inquirer/input": "^5.1.2", "@inquirer/number": "^4.1.1", "@inquirer/password": "^5.1.1", "@inquirer/rawlist": "^5.3.1", "@inquirer/search": "^4.2.1", "@inquirer/select": "^5.2.1" }, "peerDependencies": { "@types/node": ">=18" }, "optionalPeers": ["@types/node"] }, "sha512-IYR/3C/paEVVQYQvdDlFZVjRCJVYHHON0XXMH91KO9GSxs0TdKYWlUdvfQl2EfAHDxUaN3IBffkE/BDTh5nJ6g=="],

    "@inquirer/rawlist": ["@inquirer/rawlist@5.3.1", "", { "dependencies": { "@inquirer/core": "^11.2.1", "@inquirer/type": "^4.0.7" }, "peerDependencies": { "@types/node": ">=18" }, "optionalPeers": ["@types/node"] }, "sha512-QqdTqQddL3qPX/PPrjobpsO25NZ4dWXgTLenrR445L2ptLEYE6Z+PD5c5CNDJNx4ugRgELAIpSIJxZaO2jJ2Og=="],

    "@inquirer/search": ["@inquirer/search@4.2.1", "", { "dependencies": { "@inquirer/core": "^11.2.1", "@inquirer/figures": "^2.0.7", "@inquirer/type": "^4.0.7" }, "peerDependencies": { "@types/node": ">=18" }, "optionalPeers": ["@types/node"] }, "sha512-xJj8QWKRSrfKoBIITLZK61dD3zwo0Rz11fgDImku30/Oe81zMdIdGgrLY2h6RkJ+KZ/GhNYIRMKnH/62qBTA5g=="],

    "@inquirer/select": ["@inquirer/select@5.2.1", "", { "dependencies": { "@inquirer/ansi": "^2.0.7", "@inquirer/core": "^11.2.1", "@inquirer/figures": "^2.0.7", "@inquirer/type": "^4.0.7" }, "peerDependencies": { "@types/node": ">=18" }, "optionalPeers": ["@types/node"] }, "sha512-FlDndEUww8m7BfukO2nJa25vhD+H5jxxCv4oGioKqzyWz3nPHhhw4LKdYRSlXuAx7DsdWia7iyaBPKKS95Evfw=="],

    "@inquirer/type": ["@inquirer/type@4.0.7", "", { "peerDependencies": { "@types/node": ">=18" }, "optionalPeers": ["@types/node"] }, "sha512-t28inv14nMQ1PhKpsJPY+kEs/c00qzeCOS2gTNRyTjG5d6qsVA2fItxW4hkvGZ5lvanGLdtCzVIx5dwdRpN1+g=="],

    "@napi-rs/cli": ["@napi-rs/cli@3.8.2", "", { "dependencies": { "@inquirer/prompts": "^8.5.2", "@napi-rs/cross-toolchain": "^1.0.3", "@napi-rs/wasm-tools": "^1.0.1", "@octokit/rest": "^22.0.1", "clipanion": "^4.0.0-rc.4", "colorette": "^2.0.20", "emnapi": "2.0.0-alpha.3", "es-toolkit": "^1.47.0", "js-yaml": "^4.2.0", "obug": "^2.1.2", "semver": "^7.8.2", "typanion": "^3.14.0", "typescript": "^6.0.3" }, "peerDependencies": { "@emnapi/runtime": "2.0.0-alpha.3" }, "optionalPeers": ["@emnapi/runtime"], "bin": { "napi": "dist/cli.js", "napi-raw": "cli.mjs" } }, "sha512-iFmp3Lo/ipXoJI1I/6V/xU4hQV42bXS3A7j8C+Wt3LOtYY7HFCilkhyUkN1igLJFXWMICq95kNxhNcwzNRd+Kw=="],

    "@napi-rs/cross-toolchain": ["@napi-rs/cross-toolchain@1.0.3", "", { "dependencies": { "@napi-rs/lzma": "^1.4.5", "@napi-rs/tar": "^1.1.0", "debug": "^4.4.1" }, "peerDependencies": { "@napi-rs/cross-toolchain-arm64-target-aarch64": "^1.0.3", "@napi-rs/cross-toolchain-arm64-target-armv7": "^1.0.3", "@napi-rs/cross-toolchain-arm64-target-ppc64le": "^1.0.3", "@napi-rs/cross-toolchain-arm64-target-s390x": "^1.0.3", "@napi-rs/cross-toolchain-arm64-target-x86_64": "^1.0.3", "@napi-rs/cross-toolchain-x64-target-aarch64": "^1.0.3", "@napi-rs/cross-toolchain-x64-target-armv7": "^1.0.3", "@napi-rs/cross-toolchain-x64-target-ppc64le": "^1.0.3", "@napi-rs/cross-toolchain-x64-target-s390x": "^1.0.3", "@napi-rs/cross-toolchain-x64-target-x86_64": "^1.0.3" }, "optionalPeers": ["@napi-rs/cross-toolchain-arm64-target-aarch64", "@napi-rs/cross-toolchain-arm64-target-armv7", "@napi-rs/cross-toolchain-arm64-target-ppc64le", "@napi-rs/cross-toolchain-arm64-target-s390x", "@napi-rs/cross-toolchain-arm64-target-x86_64", "@napi-rs/cross-toolchain-x64-target-aarch64", "@napi-rs/cross-toolchain-x64-target-armv7", "@napi-rs/cross-toolchain-x64-target-ppc64le", "@napi-rs/cross-toolchain-x64-target-s390x", "@napi-rs/cross-toolchain-x64-target-x86_64"] }, "sha512-ENPfLe4937bsKVTDA6zdABx4pq9w0tHqRrJHyaGxgaPq03a2Bd1unD5XSKjXJjebsABJ+MjAv1A2OvCgK9yehg=="],

    "@napi-rs/lzma": ["@napi-rs/lzma@1.5.1", "", { "optionalDependencies": { "@napi-rs/lzma-android-arm-eabi": "1.5.1", "@napi-rs/lzma-android-arm64": "1.5.1", "@napi-rs/lzma-darwin-arm64": "1.5.1", "@napi-rs/lzma-darwin-x64": "1.5.1", "@napi-rs/lzma-freebsd-x64": "1.5.1", "@napi-rs/lzma-linux-arm-gnueabihf": "1.5.1", "@napi-rs/lzma-linux-arm64-gnu": "1.5.1", "@napi-rs/lzma-linux-arm64-musl": "1.5.1", "@napi-rs/lzma-linux-ppc64-gnu": "1.5.1", "@napi-rs/lzma-linux-riscv64-gnu": "1.5.1", "@napi-rs/lzma-linux-s390x-gnu": "1.5.1", "@napi-rs/lzma-linux-x64-gnu": "1.5.1", "@napi-rs/lzma-linux-x64-musl": "1.5.1", "@napi-rs/lzma-wasm32-wasi": "1.5.1", "@napi-rs/lzma-win32-arm64-msvc": "1.5.1", "@napi-rs/lzma-win32-ia32-msvc": "1.5.1", "@napi-rs/lzma-win32-x64-msvc": "1.5.1" } }, "sha512-sgOZ89+y8cDbY+3WbzR8CtIhCuFRWotZ9/2PjPVDJHz6np5KFTAev0DrwiyTJTgFsCRDhfGlbmhMgyhHbWdZ6g=="],

    "@napi-rs/lzma-android-arm-eabi": ["@napi-rs/lzma-android-arm-eabi@1.5.1", "", { "os": "android", "cpu": "arm" }, "sha512-sahBe4ko2Z69NPTddaX6ZgbQZu9SDoITxw1S3dWl1gAGynZG34qHHCT8UaUMFxf3h3zMhCJjEzz4basaBxiTuQ=="],

    "@napi-rs/lzma-android-arm64": ["@napi-rs/lzma-android-arm64@1.5.1", "", { "os": "android", "cpu": "arm64" }, "sha512-7tkQAJJuBHxAxiEBNFgSTpvrtGpbwZYYJUSOmGEK3OfbdbNeoT2rdBxpM/gY1s+itEVbtOSlpaRPPG19MnwOzA=="],

    "@napi-rs/lzma-darwin-arm64": ["@napi-rs/lzma-darwin-arm64@1.5.1", "", { "os": "darwin", "cpu": "arm64" }, "sha512-XWX8gtF+GHGk3nH3Wm3QUZNcxw9QHsFVZz3MzVLhWWHhceede1J4/vD+3dj3E1iKB9G6mualaZxOoD08R3E+7g=="],

    "@napi-rs/lzma-darwin-x64": ["@napi-rs/lzma-darwin-x64@1.5.1", "", { "os": "darwin", "cpu": "x64" }, "sha512-CfsqUpMTI1z8enrA/b+GcHM6YDI8D0kqCiqPYEnst4rbOABQ9KZ92ybTTNnlnZ7A017WoMZKUEWc36KXDwi0xg=="],

    "@napi-rs/lzma-freebsd-x64": ["@napi-rs/lzma-freebsd-x64@1.5.1", "", { "os": "freebsd", "cpu": "x64" }, "sha512-bTyNfg90FXIgE61U7l14aMmVOqRQ6AyP5JMT3jmCStaZI18apLNPdzZ8i7yqxZfKvRMVfPjE2brXIw27c+RRgA=="],

    "@napi-rs/lzma-linux-arm-gnueabihf": ["@napi-rs/lzma-linux-arm-gnueabihf@1.5.1", "", { "os": "linux", "cpu": "arm" }, "sha512-vNE+D8nrw+eOkBsdKCsmDhowDV3pIMKXEhedvXfbgrWbrO7GlZJH+RXL+X+RYLxGwi8Ym61ZMt15sIOnNmh9Sw=="],

    "@napi-rs/lzma-linux-arm64-gnu": ["@napi-rs/lzma-linux-arm64-gnu@1.5.1", "", { "os": "linux", "cpu": "arm64" }, "sha512-csUem4WgoKGTprv/pOPm9UIWbb+hrfUwYXefpTHPAEGVFLl5behEFabisJ7FtihCa3yG2Efcl+yw25rlhhrIYw=="],

    "@napi-rs/lzma-linux-arm64-musl": ["@napi-rs/lzma-linux-arm64-musl@1.5.1", "", { "os": "linux", "cpu": "arm64" }, "sha512-kB/xhlVN1eLvVmDJSKZEjp5Gg2xDYexNrB5jwpSMbOkeGS6N9AasByPBg5VqCpMYC+zZi7DM458DRhtWYhqXTQ=="],

    "@napi-rs/lzma-linux-ppc64-gnu": ["@napi-rs/lzma-linux-ppc64-gnu@1.5.1", "", { "os": "linux", "cpu": "ppc64" }, "sha512-s28RW0W1yBWQc1nbPdF7tp14koqslY3ZWLVI8uaanX292Dc6ezd4NPVwxEoCNBVON/oD7BmUbWGtyFvmm7dQ5A=="],

    "@napi-rs/lzma-linux-riscv64-gnu": ["@napi-rs/lzma-linux-riscv64-gnu@1.5.1", "", { "os": "linux", "cpu": "none" }, "sha512-+lGNwYlIN14YPMTNvYtIJJqHFevDTd6Juw/1NmXbWx/iRd/LLrjhlM/yluMX6pxs6NkOGsuuEXJJrbbEUS59OQ=="],

    "@napi-rs/lzma-linux-s390x-gnu": ["@napi-rs/lzma-linux-s390x-gnu@1.5.1", "", { "os": "linux", "cpu": "s390x" }, "sha512-PB44FFWWFrLeQowhcep1hPD1YcLqKlnnY60RMU74qrxTlr4YGEyzeMItJqh2uivBfv9kQScOF/B0J9+Vab/oyw=="],

    "@napi-rs/lzma-linux-x64-gnu": ["@napi-rs/lzma-linux-x64-gnu@1.5.1", "", { "os": "linux", "cpu": "x64" }, "sha512-oTXEIha4SsuXdTA4Iyskj0kpdx2yVXdhd75c2v3xGrHFfVMsbhTPZU/nMPL4sWKo4pBHm3aucLaqGlF696dTyQ=="],

    "@napi-rs/lzma-linux-x64-musl": ["@napi-rs/lzma-linux-x64-musl@1.5.1", "", { "os": "linux", "cpu": "x64" }, "sha512-I3nsYrWtrW9JpeCr+mkJIVDt0HY3m6qVUBs5vTtoIvJQxwqf1PBXSy5IS7T53ksQFH2kd2UX8rLxJ7B4WISpZg=="],

    "@napi-rs/lzma-wasm32-wasi": ["@napi-rs/lzma-wasm32-wasi@1.5.1", "", { "dependencies": { "@emnapi/core": "1.11.2", "@emnapi/runtime": "1.11.2", "@napi-rs/wasm-runtime": "^1.1.6" }, "cpu": "none" }, "sha512-gy3wwPBa6+XEyA4fUzq6CClrXA1ajXjuVf5zbnHytJRgoHznj+mvpU3+co2fxXwqTCmIpn6KrzqH5bRDztBPhA=="],

    "@napi-rs/lzma-win32-arm64-msvc": ["@napi-rs/lzma-win32-arm64-msvc@1.5.1", "", { "os": "win32", "cpu": "arm64" }, "sha512-dK+huOsHiyH6oJjij+cnjqFCakk2HgWmpI12Xm4pLUyPphe4ebYoJBgehaNAxprmjFqBQ7nL95YPVz9BHyqmPg=="],

    "@napi-rs/lzma-win32-ia32-msvc": ["@napi-rs/lzma-win32-ia32-msvc@1.5.1", "", { "os": "win32", "cpu": "ia32" }, "sha512-dGE8L+0EQ+GyU9ap9InqB/t/PmPG/bLj918q7OsJ29FuTdn8fK4OX3U4IQZhylHIA+/dQ/SXJk5n4yfah2XVvA=="],

    "@napi-rs/lzma-win32-x64-msvc": ["@napi-rs/lzma-win32-x64-msvc@1.5.1", "", { "os": "win32", "cpu": "x64" }, "sha512-EKW4t/iqdCT/xnd5t9oXLvVER/PMNAWXKqUAl3fgvUcOILeZIIht77/dVnfFcc9htA/DCBXC/6YQWdW+LusjFA=="],

    "@napi-rs/tar": ["@napi-rs/tar@1.1.1", "", { "optionalDependencies": { "@napi-rs/tar-android-arm-eabi": "1.1.1", "@napi-rs/tar-android-arm64": "1.1.1", "@napi-rs/tar-darwin-arm64": "1.1.1", "@napi-rs/tar-darwin-x64": "1.1.1", "@napi-rs/tar-freebsd-x64": "1.1.1", "@napi-rs/tar-linux-arm-gnueabihf": "1.1.1", "@napi-rs/tar-linux-arm64-gnu": "1.1.1", "@napi-rs/tar-linux-arm64-musl": "1.1.1", "@napi-rs/tar-linux-ppc64-gnu": "1.1.1", "@napi-rs/tar-linux-s390x-gnu": "1.1.1", "@napi-rs/tar-linux-x64-gnu": "1.1.1", "@napi-rs/tar-linux-x64-musl": "1.1.1", "@napi-rs/tar-wasm32-wasi": "1.1.1", "@napi-rs/tar-win32-arm64-msvc": "1.1.1", "@napi-rs/tar-win32-ia32-msvc": "1.1.1", "@napi-rs/tar-win32-x64-msvc": "1.1.1" } }, "sha512-p6q2HhUc5vwH1CNwfOcrhLoxfgn8ust8Sqlfx+sA4VzAcp1cMbvbkl99tZZlDqOjCHgQNSiTfk/yWPjl/D42qA=="],

    "@napi-rs/tar-android-arm-eabi": ["@napi-rs/tar-android-arm-eabi@1.1.1", "", { "os": "android", "cpu": "arm" }, "sha512-cAhnA10cSusAUbcE9HtjQY/tZ9BH/0w2sKtRcQc94TzIlnm7QSr1htJSd/PPrbWNPtrv1orXb2CkrHlVlbnlHA=="],

    "@napi-rs/tar-android-arm64": ["@napi-rs/tar-android-arm64@1.1.1", "", { "os": "android", "cpu": "arm64" }, "sha512-EslUWHCDBY/g5abTPBiHLsMaML4GagV0TXLm5WL9hAjx/DDtlxz9fegMb77RJ+f7nFLOIsUxF/3QWFvgOT0sMQ=="],

    "@napi-rs/tar-darwin-arm64": ["@napi-rs/tar-darwin-arm64@1.1.1", "", { "os": "darwin", "cpu": "arm64" }, "sha512-+A42/6ES5G9CQ35BOwzwA+WBjLID28r2jNPgc0dteD2hhClIhng0mva7D2ujUlXBNmgNOsr1LHn3stA4uTf4NQ=="],

    "@napi-rs/tar-darwin-x64": ["@napi-rs/tar-darwin-x64@1.1.1", "", { "os": "darwin", "cpu": "x64" }, "sha512-RYtE8w1dkEvj8hSJCDV5Jw0Rz2i13fsM7u893zv5O9n/4Ad5GNsw/f4RQ7/0YGSFaenkVxqPFrjmEvUHlKzsrg=="],

    "@napi-rs/tar-freebsd-x64": ["@napi-rs/tar-freebsd-x64@1.1.1", "", { "os": "freebsd", "cpu": "x64" }, "sha512-rEepBvCJUwcuvUYkY83e8aot8RsR5Jcnal4PsG3tbWGKW1yAvcXhyMXf0fN6ZGpVRZFnB+FJqDyBxvsCPEXKhw=="],

    "@napi-rs/tar-linux-arm-gnueabihf": ["@napi-rs/tar-linux-arm-gnueabihf@1.1.1", "", { "os": "linux", "cpu": "arm" }, "sha512-an1bJdfyhI5FpZYyTQ20mrqwR+a676i8GkaYc4Uy12dH/a7TJIfrK6Qa2Gm46arZvxUvx56qxoRKXbpOjUPvwA=="],

    "@napi-rs/tar-linux-arm64-gnu": ["@napi-rs/tar-linux-arm64-gnu@1.1.1", "", { "os": "linux", "cpu": "arm64" }, "sha512-w++Vtx36T2yHTKws7GVnmHHcUT1ybB59xLWSh9A8bwEpJVG4dG7Qub9mFe5cpcbfrJ+XP2mKKxC3oUJSunK3iQ=="],

    "@napi-rs/tar-linux-arm64-musl": ["@napi-rs/tar-linux-arm64-musl@1.1.1", "", { "os": "linux", "cpu": "arm64" }, "sha512-Rh6UFhNtj3i4deJHOBINFIeRL0072mgbeyuK5rl1HokKnNoMKx8qKIZNEzBTTqpogMfDHWGvzyTQdnVxes5dpA=="],

    "@napi-rs/tar-linux-ppc64-gnu": ["@napi-rs/tar-linux-ppc64-gnu@1.1.1", "", { "os": "linux", "cpu": "ppc64" }, "sha512-Cp+AxFbv9zcyAXtnzQi0OzmgDnQgy2w9D4Ubr+iwzMtVgJcztzcEoCcCrN1k2ATdEB01LX2Vb49IaocGOZhC9Q=="],

    "@napi-rs/tar-linux-s390x-gnu": ["@napi-rs/tar-linux-s390x-gnu@1.1.1", "", { "os": "linux", "cpu": "s390x" }, "sha512-ZyscC3SYKTBWyDRYjLOKAd5TyJ7q0KACRdQ8bWrb3rgrra1CCIJD66CsGTH6Dh0AVSdfLwZ8MfIIXU6+14BMjQ=="],

    "@napi-rs/tar-linux-x64-gnu": ["@napi-rs/tar-linux-x64-gnu@1.1.1", "", { "os": "linux", "cpu": "x64" }, "sha512-LlIv+zg4fiOQge9LQX/ieBdRWE2fhVDjCTHxnunZkbugNmdhdelxWf1RpZb/6ZujWpNF4LPu4N/MW7ygg2oYAQ=="],

    "@napi-rs/tar-linux-x64-musl": ["@napi-rs/tar-linux-x64-musl@1.1.1", "", { "os": "linux", "cpu": "x64" }, "sha512-gZBeoKLjanOVj55qk4EMu13P2i9M0SuINmlGQkOxm1niIJofexzddHUYtqO5o/5QqtyL8lADmAcZplLILMLhHA=="],

    "@napi-rs/tar-wasm32-wasi": ["@napi-rs/tar-wasm32-wasi@1.1.1", "", { "dependencies": { "@emnapi/core": "1.11.2", "@emnapi/runtime": "1.11.2", "@napi-rs/wasm-runtime": "^1.1.6" }, "cpu": "none" }, "sha512-rwtQ1Mdt/ft6g6I54fJzbUeLspl4yTwj6I3UJ6mitKnrN42soJkcDrdh3Y/FGvlpqZTad2YMQ96fGJl3EtAm2Q=="],

    "@napi-rs/tar-win32-arm64-msvc": ["@napi-rs/tar-win32-arm64-msvc@1.1.1", "", { "os": "win32", "cpu": "arm64" }, "sha512-30PVp1AehRpfwxmv5wI4cg0yj3WmWBsZ+1QnLGnvEELu7Eu/+dhNU0nrmhI7VfPgLwSRK2eg9DQTB3tP7Wv9bA=="],

    "@napi-rs/tar-win32-ia32-msvc": ["@napi-rs/tar-win32-ia32-msvc@1.1.1", "", { "os": "win32", "cpu": "ia32" }, "sha512-aI3/rmz+izUChiSeaPxcasAOxhf3FpJNuIHMXlxS/vpW+HIxUsSDR5+XV61PEG5DL4L/75iENVUxmSGM5l2yaw=="],

    "@napi-rs/tar-win32-x64-msvc": ["@napi-rs/tar-win32-x64-msvc@1.1.1", "", { "os": "win32", "cpu": "x64" }, "sha512-yJsB2IsrODQVLKbm2Fg1nHiVRbEj49mSPbj4x7JPZWJI0jGVPjohE2Sif0FBbx8OxsVoUODvS0BwksZZ8jl/OA=="],

    "@napi-rs/wasm-runtime": ["@napi-rs/wasm-runtime@1.2.2", "", { "dependencies": { "@tybys/wasm-util": "^0.10.3" }, "peerDependencies": { "@emnapi/core": "^1.7.1 || ^2.0.0-alpha.3", "@emnapi/runtime": "^1.7.1 || ^2.0.0-alpha.3" } }, "sha512-JfB4kuJQjaoHuCTseIINHtHWeJnvgEcxjwA5t/Y00ZgaOO1Crz3fjT/p8kT28zA/Caz7oiUMn3d6H2yOVCVwuw=="],

    "@napi-rs/wasm-tools": ["@napi-rs/wasm-tools@1.1.0", "", { "optionalDependencies": { "@napi-rs/wasm-tools-android-arm-eabi": "1.1.0", "@napi-rs/wasm-tools-android-arm64": "1.1.0", "@napi-rs/wasm-tools-darwin-arm64": "1.1.0", "@napi-rs/wasm-tools-darwin-x64": "1.1.0", "@napi-rs/wasm-tools-freebsd-x64": "1.1.0", "@napi-rs/wasm-tools-linux-arm64-gnu": "1.1.0", "@napi-rs/wasm-tools-linux-arm64-musl": "1.1.0", "@napi-rs/wasm-tools-linux-x64-gnu": "1.1.0", "@napi-rs/wasm-tools-linux-x64-musl": "1.1.0", "@napi-rs/wasm-tools-wasm32-wasi": "1.1.0", "@napi-rs/wasm-tools-win32-arm64-msvc": "1.1.0", "@napi-rs/wasm-tools-win32-ia32-msvc": "1.1.0", "@napi-rs/wasm-tools-win32-x64-msvc": "1.1.0" } }, "sha512-VjHyKEqXAwYZK+HY7iJctYvRm3TFEbaQxeZwvAG1QRkoo1a39phMY8J6x9tUEqJI03W6MysB8F2jacI6wvcx+w=="],

    "@napi-rs/wasm-tools-android-arm-eabi": ["@napi-rs/wasm-tools-android-arm-eabi@1.1.0", "", { "os": "android", "cpu": "arm" }, "sha512-p6J8PB59I8d/XItXB/go5JH6nKW+xIbpzaL43EBTV0hi7mrS/Z4gs+MsB04ZrlqZN29BdZV8fChRyasuXLhRaA=="],

    "@napi-rs/wasm-tools-android-arm64": ["@napi-rs/wasm-tools-android-arm64@1.1.0", "", { "os": "android", "cpu": "arm64" }, "sha512-lWoKN3suypeBSCIRPIw+++sH9V2K6nQkhtdt1opu7XY3v9JwLs6Gw063HWRqkNjphlYpkd/Qy8XcfSPGbJj7nQ=="],

    "@napi-rs/wasm-tools-darwin-arm64": ["@napi-rs/wasm-tools-darwin-arm64@1.1.0", "", { "os": "darwin", "cpu": "arm64" }, "sha512-jfw5vyNDUf6oe0kP8lMveFN9U7cLk1cUosS7uMIfw/xmqmopYfKQ198DAx2g/6aEF7Tm+CqER2gpMpYKui30LA=="],

    "@napi-rs/wasm-tools-darwin-x64": ["@napi-rs/wasm-tools-darwin-x64@1.1.0", "", { "os": "darwin", "cpu": "x64" }, "sha512-R+pjeudAB7BYdH1vKkOJM61Tfv5jB6uXkxmFscYd+KKpdUpWBlNG+s4hr0w4i1rMBM91VhIAETZn2pz+MDHK9A=="],

    "@napi-rs/wasm-tools-freebsd-x64": ["@napi-rs/wasm-tools-freebsd-x64@1.1.0", "", { "os": "freebsd", "cpu": "x64" }, "sha512-hQJTe+aazrT++Vgm6I4lUd9099ItUCFYdd+aKg6Ys6nax6d/cZ1barDLTwA2lwOoVDsXMekJI/FOL6ZvVlIYBg=="],

    "@napi-rs/wasm-tools-linux-arm64-gnu": ["@napi-rs/wasm-tools-linux-arm64-gnu@1.1.0", "", { "os": "linux", "cpu": "arm64" }, "sha512-1TAXJxUHsWGar90k3W/MknavvBMwOWzjh7Q6Spxo8twRcWJbBD5Kow/Q2KhhDq5hxh2sKGDXn3uLc1tdtz4WUg=="],

    "@napi-rs/wasm-tools-linux-arm64-musl": ["@napi-rs/wasm-tools-linux-arm64-musl@1.1.0", "", { "os": "linux", "cpu": "arm64" }, "sha512-7rw3nlubTjNAVRH2LwphCxHy1b/N2/TerXocQ6XRn4Q+buaY1Z7P/hbdALy1i1ex2yfOU2Xcij7ib7ZLi/lKfw=="],

    "@napi-rs/wasm-tools-linux-x64-gnu": ["@napi-rs/wasm-tools-linux-x64-gnu@1.1.0", "", { "os": "linux", "cpu": "x64" }, "sha512-1sel0t9MRjI/tdT89M8Dd6gPfANeeFP24Xa46R11WeHNwhjsXXZh+xUk50uWCRTSGcaCy3ugm3AMK/lmHYQJkg=="],

    "@napi-rs/wasm-tools-linux-x64-musl": ["@napi-rs/wasm-tools-linux-x64-musl@1.1.0", "", { "os": "linux", "cpu": "x64" }, "sha512-o2jH5AMfor4EKF2HII1LBnMQxoWu7+usPifTEY8Zk6e9OiSi4EJkAXf9v3ANlX7TI2V/cUEV34OEW7r10GiVIA=="],

    "@napi-rs/wasm-tools-wasm32-wasi": ["@napi-rs/wasm-tools-wasm32-wasi@1.1.0", "", { "dependencies": { "@emnapi/core": "1.9.2", "@emnapi/runtime": "1.9.2", "@napi-rs/wasm-runtime": "^1.1.6" }, "cpu": "none" }, "sha512-s6YDtDR1UWrsqJPtaxf+JLYLceWVyn3l8OpQYElHkDhf3Qfz9R6Ba3S0OgznTBv38L5/TIHysQ9Q4yO73Z0csg=="],

    "@napi-rs/wasm-tools-win32-arm64-msvc": ["@napi-rs/wasm-tools-win32-arm64-msvc@1.1.0", "", { "os": "win32", "cpu": "arm64" }, "sha512-x+NuxbG84VxU68tU8w7Rf5lSyq0l584M6dVlke5DTweHYFZoMyeqkpbwEq+qsyAX6ivfipK8xRsmFwamb5uDnA=="],

    "@napi-rs/wasm-tools-win32-ia32-msvc": ["@napi-rs/wasm-tools-win32-ia32-msvc@1.1.0", "", { "os": "win32", "cpu": "ia32" }, "sha512-mdD96QDEp70SX67rXFTY6c725nVYeqEEjyDqzzbNh6u1APj7CI7IMNpMmvE75XbCRl4C2MHZVU4U6AWdAzvyQQ=="],

    "@napi-rs/wasm-tools-win32-x64-msvc": ["@napi-rs/wasm-tools-win32-x64-msvc@1.1.0", "", { "os": "win32", "cpu": "x64" }, "sha512-bVVjuvhlyVX++3eJXfDR63cXdw1ay5QYac6iq0MKQw8wZARInTM+bXCtByDT4fzVFI3+7ZthYb/ERWRdBNIqgQ=="],

    "@octokit/auth-token": ["@octokit/auth-token@6.0.0", "", {}, "sha512-P4YJBPdPSpWTQ1NU4XYdvHvXJJDxM6YwpS0FZHRgP7YFkdVxsWcpWGy/NVqlAA7PcPCnMacXlRm1y2PFZRWL/w=="],

    "@octokit/core": ["@octokit/core@7.0.7", "", { "dependencies": { "@octokit/auth-token": "^6.0.0", "@octokit/graphql": "^9.0.4", "@octokit/request": "^10.0.13", "@octokit/request-error": "^7.1.1", "@octokit/types": "^17.0.0", "before-after-hook": "^4.0.0", "universal-user-agent": "^7.0.0" } }, "sha512-DcB0M3KFgr9ECI328lhBMVsyFT2DnmNucSBTqEN3exyNKUzkkpUSCHmTRcunF41Eou2TIQKW4seewri8ON9bSA=="],

    "@octokit/endpoint": ["@octokit/endpoint@11.0.4", "", { "dependencies": { "@octokit/types": "^17.0.0", "universal-user-agent": "^7.0.2" } }, "sha512-f1cOWoHPmxryJFknxbtDdjODWfV8A9tc8Aae6ermXPNgHFZ/x91AtHIz4gicEjL8hkJiip+u21QHJORfBv/qiA=="],

    "@octokit/graphql": ["@octokit/graphql@9.0.4", "", { "dependencies": { "@octokit/request": "^10.0.13", "@octokit/types": "^17.0.0", "universal-user-agent": "^7.0.0" } }, "sha512-5s15CCiY8XXQ+FG+b1YQcl6Z2FA++nwAz/tg2VUrTmnMncP+2nnGUEYANImdnxsA2Fnq+Mbl7hDjUTw7cFAwcg=="],

    "@octokit/openapi-types": ["@octokit/openapi-types@28.0.0", "", {}, "sha512-0rFyLuyHvIj6uuZWuDslxkowFYdPXoNIkeAv4b27dzm2Tf4vGWXnPsMcxs7d65kLdMERgP3wc1AEPlqMz8e1cQ=="],

    "@octokit/plugin-paginate-rest": ["@octokit/plugin-paginate-rest@14.0.0", "", { "dependencies": { "@octokit/types": "^16.0.0" }, "peerDependencies": { "@octokit/core": ">=6" } }, "sha512-fNVRE7ufJiAA3XUrha2omTA39M6IXIc6GIZLvlbsm8QOQCYvpq/LkMNGyFlB1d8hTDzsAXa3OKtybdMAYsV/fw=="],

    "@octokit/plugin-request-log": ["@octokit/plugin-request-log@6.0.0", "", { "peerDependencies": { "@octokit/core": ">=6" } }, "sha512-UkOzeEN3W91/eBq9sPZNQ7sUBvYCqYbrrD8gTbBuGtHEuycE4/awMXcYvx6sVYo7LypPhmQwwpUe4Yyu4QZN5Q=="],

    "@octokit/plugin-rest-endpoint-methods": ["@octokit/plugin-rest-endpoint-methods@17.0.0", "", { "dependencies": { "@octokit/types": "^16.0.0" }, "peerDependencies": { "@octokit/core": ">=6" } }, "sha512-B5yCyIlOJFPqUUeiD0cnBJwWJO8lkJs5d8+ze9QDP6SvfiXSz1BF+91+0MeI1d2yxgOhU/O+CvtiZ9jSkHhFAw=="],

    "@octokit/request": ["@octokit/request@10.0.13", "", { "dependencies": { "@octokit/endpoint": "^11.0.3", "@octokit/request-error": "^7.1.1", "@octokit/types": "^17.0.0", "content-type": "^2.0.0", "json-with-bigint": "^3.5.3", "universal-user-agent": "^7.0.2" } }, "sha512-v2269YxL9Yf+x3d+gRI63FP0vFQEiWgLyBzxe/Y+0yFDg2B/Tzf5dhh9VNfccVAQnfcfwQWyk/y6Bn7rUXXs7A=="],

    "@octokit/request-error": ["@octokit/request-error@7.1.1", "", { "dependencies": { "@octokit/types": "^17.0.0" } }, "sha512-+eaY7G2VVpSf2pc5Gn1+mph837V/d/TYTJAgWL9Tb0ogGYcpN3IlAVFgjL+Vv93F/sevrxkvsYCedtpLdcFLzA=="],

    "@octokit/rest": ["@octokit/rest@22.0.1", "", { "dependencies": { "@octokit/core": "^7.0.6", "@octokit/plugin-paginate-rest": "^14.0.0", "@octokit/plugin-request-log": "^6.0.0", "@octokit/plugin-rest-endpoint-methods": "^17.0.0" } }, "sha512-Jzbhzl3CEexhnivb1iQ0KJ7s5vvjMWcmRtq5aUsKmKDrRW6z3r84ngmiFKFvpZjpiU/9/S6ITPFRpn5s/3uQJw=="],

    "@octokit/types": ["@octokit/types@17.0.0", "", { "dependencies": { "@octokit/openapi-types": "^28.0.0" } }, "sha512-ByP1v7YL5SMveFPP7+sj0/ZuWCOOg/Chs4NafOMpq6WNIM/hdGY0S7C0TCGDBWu1aGmOxmUIhMx3cO+IdwYZ1Q=="],

    "@oxc-project/runtime": ["@oxc-project/runtime@0.80.0", "", {}, "sha512-3rzy1bJAZ4s7zV9TKT60x119RwJDCDqEtCwK/Zc2qlm7wGhiIUxLLYUhE/mN91yB0u1kxm5sh4NjU12sPqQTpg=="],

    "@oxc-project/types": ["@oxc-project/types@0.80.0", "", {}, "sha512-xxHQm8wfCv2e8EmtaDwpMeAHOWqgQDAYg+BJouLXSQt5oTKu9TIXrgNMGSrM2fLvKmECsRd9uUFAAD+hPyootA=="],

    "@rolldown/binding-android-arm64": ["@rolldown/binding-android-arm64@1.0.0-beta.31", "", { "os": "android", "cpu": "arm64" }, "sha512-0mFtKwOG7smn0HkvQ6h8j0m/ohkR7Fp5eMTJ2Pns/HSbePHuDpxMaQ4TjZ6arlVXxpeWZlAHeT5BeNsOA3iWTg=="],

    "@rolldown/binding-darwin-arm64": ["@rolldown/binding-darwin-arm64@1.0.0-beta.31", "", { "os": "darwin", "cpu": "arm64" }, "sha512-BHfHJ8Nb5G7ZKJl6pimJacupONT4F7w6gmQHw41rouAnJF51ORDwGefWeb6OMLzGmJwzxlIVPERfnJf1EsMM7A=="],

    "@rolldown/binding-darwin-x64": ["@rolldown/binding-darwin-x64@1.0.0-beta.31", "", { "os": "darwin", "cpu": "x64" }, "sha512-4MiuRtExC08jHbSU/diIL+IuQP+3Ck1FbWAplK+ysQJ7fxT3DMxy5FmnIGfmhaqow8oTjb2GEwZJKgTRjZL1Vw=="],

    "@rolldown/binding-freebsd-x64": ["@rolldown/binding-freebsd-x64@1.0.0-beta.31", "", { "os": "freebsd", "cpu": "x64" }, "sha512-nffC1u7ccm12qlAea8ExY3AvqlaHy/o/3L4p5Es8JFJ3zJSs6e3DyuxGZZVdl9EVwsLxPPTvioIl4tEm2afwyw=="],

    "@rolldown/binding-linux-arm-gnueabihf": ["@rolldown/binding-linux-arm-gnueabihf@1.0.0-beta.31", "", { "os": "linux", "cpu": "arm" }, "sha512-LHmAaB3rB1GOJuHscKcL2Ts/LKLcb3YWTh2uQ/876rg/J9WE9kQ0kZ+3lRSYbth/YL8ln54j4JZmHpqQY3xptQ=="],

    "@rolldown/binding-linux-arm64-gnu": ["@rolldown/binding-linux-arm64-gnu@1.0.0-beta.31", "", { "os": "linux", "cpu": "arm64" }, "sha512-oTDZVfqIAjLB2I1yTiLyyhfPPO6dky33sTblxTCpe+ZT55WizN3KDoBKJ4yXG8shI6I4bRShVu29Xg0yAjyQYw=="],

    "@rolldown/binding-linux-arm64-musl": ["@rolldown/binding-linux-arm64-musl@1.0.0-beta.31", "", { "os": "linux", "cpu": "arm64" }, "sha512-duJ3IkEBj9Xe9NYW1n8Y3483VXHGi8zQ0ZsLbK8464EJUXLF7CXM8Ry+jkkUw+ZvA+Zu1E/+C6p2Y6T9el0C9g=="],

    "@rolldown/binding-linux-arm64-ohos": ["@rolldown/binding-linux-arm64-ohos@1.0.0-beta.31", "", { "os": "none", "cpu": "arm64" }, "sha512-qdbmU5QSZ0uoLZBYMxiHsMQmizqtzFGTVPU5oyU1n0jU0Mo+mkSzqZuL8VBnjHOHzhVxZsoAGH9JjiRzCnoGVA=="],

    "@rolldown/binding-linux-x64-gnu": ["@rolldown/binding-linux-x64-gnu@1.0.0-beta.31", "", { "os": "linux", "cpu": "x64" }, "sha512-H7+r34TSV8udB2gAsebFM/YuEeNCkPGEAGJ1JE7SgI9XML6FflqcdKfrRSneQFsPaom/gCEc1g0WW5MZ0O3blw=="],

    "@rolldown/binding-linux-x64-musl": ["@rolldown/binding-linux-x64-musl@1.0.0-beta.31", "", { "os": "linux", "cpu": "x64" }, "sha512-zRm2YmzFVqbsmUsyyZnHfJrOlQUcWS/FJ5ZWL8Q1kZh5PnLBrTVZNpakIWwAxpN5gNEi9MmFd5YHocVJp8ps1Q=="],

    "@rolldown/binding-wasm32-wasi": ["@rolldown/binding-wasm32-wasi@1.0.0-beta.31", "", { "dependencies": { "@napi-rs/wasm-runtime": "^1.0.1" }, "cpu": "none" }, "sha512-fM1eUIuHLsNJXRlWOuIIex1oBJ89I0skFWo5r/D3KSJ5gD9MBd3g4Hp+v1JGohvyFE+7ylnwRxSUyMEeYpA69A=="],

    "@rolldown/binding-win32-arm64-msvc": ["@rolldown/binding-win32-arm64-msvc@1.0.0-beta.31", "", { "os": "win32", "cpu": "arm64" }, "sha512-4nftR9V2KHH3zjBwf6leuZZJQZ7v0d70ogjHIqB3SDsbDLvVEZiGSsSn2X6blSZRZeJSFzK0pp4kZ67zdZXwSw=="],

    "@rolldown/binding-win32-ia32-msvc": ["@rolldown/binding-win32-ia32-msvc@1.0.0-beta.31", "", { "os": "win32", "cpu": "ia32" }, "sha512-0TQcKu9xZVHYALit+WJsSuADGlTFfOXhnZoIHWWQhTk3OgbwwbYcSoZUXjRdFmR6Wswn4csHtJGN1oYKeQ6/2g=="],

    "@rolldown/binding-win32-x64-msvc": ["@rolldown/binding-win32-x64-msvc@1.0.0-beta.31", "", { "os": "win32", "cpu": "x64" }, "sha512-3zMICWwpZh1jrkkKDYIUCx/2wY3PXLICAS0AnbeLlhzfWPhCcpNK9eKhiTlLAZyTp+3kyipoi/ZSVIh+WDnBpQ=="],

    "@rolldown/pluginutils": ["@rolldown/pluginutils@1.0.0-beta.31", "", {}, "sha512-IaDZ9NhjOIOkYtm+hH0GX33h3iVZ2OeSUnFF0+7Z4+1GuKs4Kj5wK3+I2zNV9IPLfqV4XlwWif8SXrZNutxciQ=="],

    "@surrealdb/cbor": ["@surrealdb/cbor@2.0.0-alpha.4", "", {}, "sha512-l/hNZ3ZCOJq8rzwx1y5ZV/8b2bYCWdhGqRVY33Pu50NAHyAW5qLsMn3ZBkZow77mAKwNCsbDsRGnyYEuU95mjw=="],

    "@surrealdb/sqon": ["@surrealdb/sqon@0.1.0", "", { "dependencies": { "@surrealdb/cbor": "2.0.0-alpha.4", "uuidv7": "^1.0.1" }, "peerDependencies": { "tslib": "^2.6.3", "typescript": "^5.0.0" } }, "sha512-pooKLZ0W6mN8XHzJQavGOdfZOZksycmIjhwFwvG0kdCAt4I5U6KKPHcXQwFkTDNKFKFKdufczLRnzHapPIslQw=="],

    "@tybys/wasm-util": ["@tybys/wasm-util@0.10.3", "", { "dependencies": { "tslib": "^2.4.0" } }, "sha512-F3fo1MYrRJYL3zER0OUOmkutjr1Vp23m7OsSgp7nq4SP6OqX6C/56XFIPAl5bt3zaBRjmW7SGz3u/6LwFpYcOg=="],

    "ansi-regex": ["ansi-regex@5.0.1", "", {}, "sha512-quJQXlTSUGL2LH9SUXo8VwsY4soanhgo6LNSm84E1LBcE8s3O0wpdiRzyR9z/ZZJMlMWv37qOOb9pdJlMUEKFQ=="],

    "ansi-styles": ["ansi-styles@4.3.0", "", { "dependencies": { "color-convert": "^2.0.1" } }, "sha512-zbB9rCJAT1rbjiVDb2hqKFHNYLxgtk8NURxZ3IZwD3F6NtxbXZQCnnSi1Lkx+IDohdPlFp222wVALIheZJQSEg=="],

    "ansis": ["ansis@4.3.1", "", {}, "sha512-BJ8/l4R5LRE7hW9WdSuGYrLSHi2ynxeFpDFbH0K/CgNeY/tyhk+vO6TYxXC5r5CpUhNVX310xzPsN/H9lCdfOA=="],

    "argparse": ["argparse@2.0.1", "", {}, "sha512-8+9WqebbFzpX9OR+Wa6O29asIogeRMzcGtAINdpMHHyAg10f05aSFVBbcEqGf/PXw1EjAZ+q2/bEBg3DvurK3Q=="],

    "before-after-hook": ["before-after-hook@4.0.0", "", {}, "sha512-q6tR3RPqIB1pMiTRMFcZwuG5T8vwp+vUvEG0vuI6B+Rikh5BfPp2fQ82c925FOs+b0lcFQ8CFrL+KbilfZFhOQ=="],

    "chardet": ["chardet@2.2.0", "", {}, "sha512-rddelWYNPRrXq6PtNEN2S3f6t9ILzvqaN5pVgi4kqt9jHQaXIial9PznB5iSPVlQSLNaaH22ItWz3EJtQ10+OA=="],

    "cli-width": ["cli-width@4.1.0", "", {}, "sha512-ouuZd4/dm2Sw5Gmqy6bGyNNNe1qt9RpmxveLSO7KcgsTnU7RXfsw+/bukWGo1abgBiMAic068rclZsO4IWmmxQ=="],

    "clipanion": ["clipanion@4.0.0-rc.4", "", { "dependencies": { "typanion": "^3.8.0" } }, "sha512-CXkMQxU6s9GklO/1f714dkKBMu1lopS1WFF0B8o4AxPykR1hpozxSiUZ5ZUeBjfPgCWqbcNOtZVFhB8Lkfp1+Q=="],

    "cliui": ["cliui@8.0.1", "", { "dependencies": { "string-width": "^4.2.0", "strip-ansi": "^6.0.1", "wrap-ansi": "^7.0.0" } }, "sha512-BSeNnyus75C4//NQ9gQt1/csTXyo/8Sb+afLAkzAptFuMsod9HFokGNudZpi/oQV73hnVK+sR+5PVRMd+Dr7YQ=="],

    "color-convert": ["color-convert@2.0.1", "", { "dependencies": { "color-name": "~1.1.4" } }, "sha512-RRECPsj7iu/xb5oKYcsFHSppFNnsj/52OVTRKb4zP5onXwVF3zVmmToNcOfGC+CRDpfK/U584fMg38ZHCaElKQ=="],

    "color-name": ["color-name@1.1.4", "", {}, "sha512-dOy+3AuW3a2wNbZHIuMZpTcgjGuLU/uBL/ubcZF9OXbDo8ff4O8yVp5Bf0efS8uEoYo5q4Fx7dY9OgQGXgAsQA=="],

    "colorette": ["colorette@2.0.20", "", {}, "sha512-IfEDxwoWIjkeXL1eXcDiow4UbKjhLdq6/EuSVR9GMN7KVH3r9gQ83e73hsz1Nd1T3ijd5xv1wcWRYO+D6kCI2w=="],

    "content-type": ["content-type@2.0.0", "", {}, "sha512-j/O/d7GcZCyNl7/hwZAb606rzqkyvaDctLmckbxLzHvFBzTJHuGEdodATcP3yIRoDrLHkIATJuvzbFlp/ki2cQ=="],

    "debug": ["debug@4.4.3", "", { "dependencies": { "ms": "^2.1.3" } }, "sha512-RGwwWnwQvkVfavKVt22FGLw+xYSdzARwm0ru6DhTVA3umU5hZc28V3kO4stgYryrTlLpuvgI9GiijltAjNbcqA=="],

    "dedent": ["dedent@1.7.2", "", { "peerDependencies": { "babel-plugin-macros": "^3.1.0" }, "optionalPeers": ["babel-plugin-macros"] }, "sha512-WzMx3mW98SN+zn3hgemf4OzdmyNhhhKz5Ay0pUfQiMQ3e1g+xmTJWp/pKdwKVXhdSkAEGIIzqeuWrL3mV/AXbA=="],

    "dts-bundle-generator": ["dts-bundle-generator@9.5.1", "", { "dependencies": { "typescript": ">=5.0.2", "yargs": "^17.6.0" }, "bin": { "dts-bundle-generator": "dist/bin/dts-bundle-generator.js" } }, "sha512-DxpJOb2FNnEyOzMkG11sxO2dmxPjthoVWxfKqWYJ/bI/rT1rvTMktF5EKjAYrRZu6Z6t3NhOUZ0sZ5ZXevOfbA=="],

    "emnapi": ["emnapi@2.0.0-alpha.3", "", { "peerDependencies": { "node-addon-api": ">= 6.1.0" }, "optionalPeers": ["node-addon-api"] }, "sha512-K9bc9Xx4OwSfhJpdSOpcfIKzn7/6emuubaIorf6I5e7WBAM79665rf6iHr9y50NL4qYMUP/AheTpD1Z4yU1EBw=="],

    "emoji-regex": ["emoji-regex@8.0.0", "", {}, "sha512-MSjYzcWNOA0ewAHpz0MxpYFvwg6yjy1NG3xteoqz644VCo/RPgnr1/GGt+ic3iJTzQ8Eu3TdM14SawnVUmGE6A=="],

    "es-toolkit": ["es-toolkit@1.50.0", "", {}, "sha512-OyZKhUVvEep9ITEiwHn8GKnMRQIVqoSIX7WnRbkWgJkllCujilqP2rD0u979tkl8wqyc8ICwlc1UBVv/Sl1G6w=="],

    "escalade": ["escalade@3.2.0", "", {}, "sha512-WUj2qlxaQtO4g6Pq5c29GTcWGDyd8itL8zTlipgECz3JesAiiOKotd8JU6otB3PACgG6xkJUyVhboMS+bje/jA=="],

    "fast-string-truncated-width": ["fast-string-truncated-width@3.0.3", "", {}, "sha512-0jjjIEL6+0jag3l2XWWizO64/aZVtpiGE3t0Zgqxv0DPuxiMjvB3M24fCyhZUO4KomJQPj3LTSUnDP3GpdwC0g=="],

    "fast-string-width": ["fast-string-width@3.0.2", "", { "dependencies": { "fast-string-truncated-width": "^3.0.2" } }, "sha512-gX8LrtNEI5hq8DVUfRQMbr5lpaS4nMIWV+7XEbXk2b8kiQIizgnlr12B4dA3ZEx3308ze0O4Q1R+cHts8kyUJg=="],

    "fast-wrap-ansi": ["fast-wrap-ansi@0.2.2", "", { "dependencies": { "fast-string-width": "^3.0.2" } }, "sha512-7F2Fl+TjRSenLqlU3UjSH0iyqopqoZIu7eZVpEirP2g1GtWa2G/ecEmBdgz31+Mxr+ELclgg6sokpSFIQiZ02Q=="],

    "get-caller-file": ["get-caller-file@2.0.5", "", {}, "sha512-DyFP3BM/3YHTQOCUL/w0OZHR0lpKeGrxotcHWcqNEdnltqFwXVfhEBQ94eIo34AfQpo0rGki4cyIiftY06h2Fg=="],

    "iconv-lite": ["iconv-lite@0.7.3", "", { "dependencies": { "safer-buffer": ">= 2.1.2 < 3.0.0" } }, "sha512-IKXpvIzjnC9XTAUbVBcMfGS0EPaIXtW6v+zr+RRp+hqULEpo0owZax6wyRwPOJbWbzjYspQwusTsfVr0ifh4uQ=="],

    "is-fullwidth-code-point": ["is-fullwidth-code-point@3.0.0", "", {}, "sha512-zymm5+u+sCsSWyD9qNaejV3DFvhCKclKdizYaJUuHA83RLjb7nSuGnddCHGv0hk+KY7BMAlsWeK4Ueg6EV6XQg=="],

    "js-yaml": ["js-yaml@4.3.1", "", { "dependencies": { "argparse": "^2.0.1" }, "bin": { "js-yaml": "bin/js-yaml.js" } }, "sha512-CY6crGq313MX8GkwvB7tzgp99vjQxY1++5y10/BKN/GUfHqWaOGQMNZkBvqSzsZKWk/ijwHlWzzkLulsGHhjWQ=="],

    "json-with-bigint": ["json-with-bigint@3.5.10", "", {}, "sha512-Vcx+JVNEBts/xfcoCS69sKrOhOk/3TVlvlT+XzUOefVKnnrbYSCKpDCm10pohsJFtsJVYnwa/cXRZ4eElzaM6w=="],

    "ms": ["ms@2.1.3", "", {}, "sha512-6FlzubTLZG3J2a/NVCAleEhjzq5oxgHyaCU9yYXvcLsvoVaHJq/s5xXI6/XXP6tz7R9xAOtHnSO/tXtF3WRTlA=="],

    "mute-stream": ["mute-stream@3.0.0", "", {}, "sha512-dkEJPVvun4FryqBmZ5KhDo0K9iDXAwn08tMLDinNdRBNPcYEDiWYysLcc6k3mjTMlbP9KyylvRpd4wFtwrT9rw=="],

    "obug": ["obug@2.1.4", "", {}, "sha512-4a+OsYv9UktOJKE+l1A4OufDgdRF9PifWj+tJnHURo/P+WOxpG4GzUFL9qCalmWauao6ogiG+QvnCovwPoyAWA=="],

    "require-directory": ["require-directory@2.1.1", "", {}, "sha512-fGxEI7+wsG9xrvdjsrlmL22OMTTiHRwAMroiEeMgq8gzoLC/PQr7RsRDSTLUg/bZAZtF+TVIkHc6/4RIKrui+Q=="],

    "rolldown": ["rolldown@1.0.0-beta.31", "", { "dependencies": { "@oxc-project/runtime": "=0.80.0", "@oxc-project/types": "=0.80.0", "@rolldown/pluginutils": "1.0.0-beta.31", "ansis": "^4.0.0" }, "optionalDependencies": { "@rolldown/binding-android-arm64": "1.0.0-beta.31", "@rolldown/binding-darwin-arm64": "1.0.0-beta.31", "@rolldown/binding-darwin-x64": "1.0.0-beta.31", "@rolldown/binding-freebsd-x64": "1.0.0-beta.31", "@rolldown/binding-linux-arm-gnueabihf": "1.0.0-beta.31", "@rolldown/binding-linux-arm64-gnu": "1.0.0-beta.31", "@rolldown/binding-linux-arm64-musl": "1.0.0-beta.31", "@rolldown/binding-linux-arm64-ohos": "1.0.0-beta.31", "@rolldown/binding-linux-x64-gnu": "1.0.0-beta.31", "@rolldown/binding-linux-x64-musl": "1.0.0-beta.31", "@rolldown/binding-wasm32-wasi": "1.0.0-beta.31", "@rolldown/binding-win32-arm64-msvc": "1.0.0-beta.31", "@rolldown/binding-win32-ia32-msvc": "1.0.0-beta.31", "@rolldown/binding-win32-x64-msvc": "1.0.0-beta.31" }, "bin": { "rolldown": "bin/cli.mjs" } }, "sha512-M2Q+RfG0FMJeSW3RSFTbvtjGVTcQpTQvN247D0EMSsPkpZFoinopR9oAnQiwgogQyzDuvKNnbyCbQQlmNAzSoQ=="],

    "safer-buffer": ["safer-buffer@2.1.2", "", {}, "sha512-YZo3K82SD7Riyi0E1EQPojLz7kpepnSQI9IyPbHHg1XXXevb5dJI7tpyN2ADxGcQbHG7vcyRHk0cbwqcQriUtg=="],

    "semver": ["semver@7.8.5", "", { "bin": { "semver": "bin/semver.js" } }, "sha512-Y7/KDsb8LjooZpwaqGyulO6DQlksgCncchHGk+sZIY4SBvUocMBEFH5Ur1fI4dV+Jvl0w6cjvucaIi40puRioA=="],

    "signal-exit": ["signal-exit@4.1.0", "", {}, "sha512-bzyZ1e88w9O1iNJbKnOlvYTrWPDl46O1bG0D3XInv+9tkPrxrN8jUUTiFlDkkmKWgn1M6CfIA13SuGqOa9Korw=="],

    "string-width": ["string-width@4.2.3", "", { "dependencies": { "emoji-regex": "^8.0.0", "is-fullwidth-code-point": "^3.0.0", "strip-ansi": "^6.0.1" } }, "sha512-wKyQRQpjJ0sIp62ErSZdGsjMJWsap5oRNihHhu6G7JVO/9jIB6UyevL+tXuOqrng8j/cxKTWyWUwvSTriiZz/g=="],

    "strip-ansi": ["strip-ansi@6.0.1", "", { "dependencies": { "ansi-regex": "^5.0.1" } }, "sha512-Y38VPSHcqkFrCpFnQ9vuSXmquuv5oXOKpGeT6aGrr3o3Gc9AlVa6JBfUSOCnbxGGZF+/0ooI7KrPuUSztUdU5A=="],

    "surrealdb": ["surrealdb@2.0.8", "", { "dependencies": { "@surrealdb/sqon": "0.1.0" }, "peerDependencies": { "tslib": "^2.6.3", "typescript": "^5.0.0 || ^6.0.0" } }, "sha512-nkoTAdnfJYc0EvB2Hut0MET/UiWTOT6+TJODoubHzoC952gJvjEbHMx5TLrecUYo1vIN3/qBgwMIcLKK0WC7zQ=="],

    "tslib": ["tslib@2.8.1", "", {}, "sha512-oJFu94HQb+KVduSUQL7wnpmqnfmLsOA/nAh6b6EH0wCEoK0/mPeXU6c3wKDV83MkOuHPRHtSXKKU99IBazS/2w=="],

    "typanion": ["typanion@3.14.0", "", {}, "sha512-ZW/lVMRabETuYCd9O9ZvMhAh8GslSqaUjxmK/JLPCh6l73CvLBiuXswj/+7LdnWOgYsQ130FqLzFz5aGT4I3Ug=="],

    "typescript": ["typescript@5.8.3", "", { "bin": { "tsc": "bin/tsc", "tsserver": "bin/tsserver" } }, "sha512-p1diW6TqL9L07nNxvRMM7hMMw4c5XOo/1ibL4aAIGmSAt9slTE1Xgw5KWuof2uTOvCg9BY7ZRi+GaF+7sfgPeQ=="],

    "universal-user-agent": ["universal-user-agent@7.0.3", "", {}, "sha512-TmnEAEAsBJVZM/AADELsK76llnwcf9vMKuPz8JflO1frO8Lchitr0fNaN9d+Ap0BjKtqWqd/J17qeDnXh8CL2A=="],

    "uuidv7": ["uuidv7@1.2.1", "", { "bin": { "uuidv7": "cli.js" } }, "sha512-4kPkK3/XTQW9Hbm4CaqfICn+kY9LJtDVEOfgsRRra/+n2Ofg4NqzRFceAkxvQ/Ud/6BpHOPzj8cirqM7TzTN5Q=="],

    "wrap-ansi": ["wrap-ansi@7.0.0", "", { "dependencies": { "ansi-styles": "^4.0.0", "string-width": "^4.1.0", "strip-ansi": "^6.0.0" } }, "sha512-YVGIj2kamLSTxw6NsZjoBxfSwsn0ycdesmc4p+Q21c5zPuZ1pl+NfxVdxPtdHvmNVOQ6XSYG4AUtyt/Fi7D16Q=="],

    "y18n": ["y18n@5.0.8", "", {}, "sha512-0pfFzegeDWJHJIAmTLRP2DwHjdF5s7jo9tuztdQxAhINCdvS+3nGINqPd00AphqJR/0LhANUS6/+7SCb98YOfA=="],

    "yargs": ["yargs@17.7.3", "", { "dependencies": { "cliui": "^8.0.1", "escalade": "^3.1.1", "get-caller-file": "^2.0.5", "require-directory": "^2.1.1", "string-width": "^4.2.3", "y18n": "^5.0.5", "yargs-parser": "^21.1.1" } }, "sha512-GZtjxm/J/4TSxuL3FNYjCmLktBTnIw/rVmKSIyKeYAZpmJB2ig9VauCC5xsa82GNKVKDAqpOn3KVzNt0zmrU0g=="],

    "yargs-parser": ["yargs-parser@21.1.1", "", {}, "sha512-tVpsJW7DdjecAiFpbIB1e3qxIQsE6NoPc5/eTdrbbIC4h0LVsWhnoa3g+m2HclBIujHzsxZ4VJVA+GUuc2/LBw=="],

    "@napi-rs/cli/typescript": ["typescript@6.0.3", "", { "bin": { "tsc": "bin/tsc", "tsserver": "bin/tsserver" } }, "sha512-y2TvuxSZPDyQakkFRPZHKFm+KKVqIisdg9/CZwm9ftvKXLP8NRWj38/ODjNbr43SsoXqNuAisEf1GdCxqWcdBw=="],

    "@napi-rs/lzma-wasm32-wasi/@emnapi/core": ["@emnapi/core@1.11.2", "", { "dependencies": { "@emnapi/wasi-threads": "1.2.2", "tslib": "^2.4.0" } }, "sha512-TC8MkTuZUtcTSiFeuC0ksCh9QIJ5+F21MvZ4Wn4ORfYaFJ/0dsiudv5tVkejgwZlwQ39jL9WWDe2lz8x0WglOA=="],

    "@napi-rs/lzma-wasm32-wasi/@emnapi/runtime": ["@emnapi/runtime@1.11.2", "", { "dependencies": { "tslib": "^2.4.0" } }, "sha512-kyOl3X0DuTiT1h2ft8r2fYO8JYtU9a9Xis/zBSiGArNaagCOWx90N1k2wxp18czFDH+OgcWGb5ZP/XMt3dcyPA=="],

    "@napi-rs/tar-wasm32-wasi/@emnapi/core": ["@emnapi/core@1.11.2", "", { "dependencies": { "@emnapi/wasi-threads": "1.2.2", "tslib": "^2.4.0" } }, "sha512-TC8MkTuZUtcTSiFeuC0ksCh9QIJ5+F21MvZ4Wn4ORfYaFJ/0dsiudv5tVkejgwZlwQ39jL9WWDe2lz8x0WglOA=="],

    "@napi-rs/tar-wasm32-wasi/@emnapi/runtime": ["@emnapi/runtime@1.11.2", "", { "dependencies": { "tslib": "^2.4.0" } }, "sha512-kyOl3X0DuTiT1h2ft8r2fYO8JYtU9a9Xis/zBSiGArNaagCOWx90N1k2wxp18czFDH+OgcWGb5ZP/XMt3dcyPA=="],

    "@octokit/plugin-paginate-rest/@octokit/types": ["@octokit/types@16.0.0", "", { "dependencies": { "@octokit/openapi-types": "^27.0.0" } }, "sha512-sKq+9r1Mm4efXW1FCk7hFSeJo4QKreL/tTbR0rz/qx/r1Oa2VV83LTA/H/MuCOX7uCIJmQVRKBcbmWoySjAnSg=="],

    "@octokit/plugin-rest-endpoint-methods/@octokit/types": ["@octokit/types@16.0.0", "", { "dependencies": { "@octokit/openapi-types": "^27.0.0" } }, "sha512-sKq+9r1Mm4efXW1FCk7hFSeJo4QKreL/tTbR0rz/qx/r1Oa2VV83LTA/H/MuCOX7uCIJmQVRKBcbmWoySjAnSg=="],

    "dts-bundle-generator/typescript": ["typescript@6.0.3", "", { "bin": { "tsc": "bin/tsc", "tsserver": "bin/tsserver" } }, "sha512-y2TvuxSZPDyQakkFRPZHKFm+KKVqIisdg9/CZwm9ftvKXLP8NRWj38/ODjNbr43SsoXqNuAisEf1GdCxqWcdBw=="],

    "@napi-rs/lzma-wasm32-wasi/@emnapi/core/@emnapi/wasi-threads": ["@emnapi/wasi-threads@1.2.2", "", { "dependencies": { "tslib": "^2.4.0" } }, "sha512-c95qOXkHdydNKhscBTebqEC1CVAZpyqOfVfBzQ1qgzyl3gfeldUjIggDbIZgDKsHLgnsM+igH7TJ/eAasaVuMA=="],

    "@napi-rs/tar-wasm32-wasi/@emnapi/core/@emnapi/wasi-threads": ["@emnapi/wasi-threads@1.2.2", "", { "dependencies": { "tslib": "^2.4.0" } }, "sha512-c95qOXkHdydNKhscBTebqEC1CVAZpyqOfVfBzQ1qgzyl3gfeldUjIggDbIZgDKsHLgnsM+igH7TJ/eAasaVuMA=="],

    "@octokit/plugin-paginate-rest/@octokit/types/@octokit/openapi-types": ["@octokit/openapi-types@27.0.0", "", {}, "sha512-whrdktVs1h6gtR+09+QsNk2+FO+49j6ga1c55YZudfEG+oKJVvJLQi3zkOm5JjiUXAagWK2tI2kTGKJ2Ys7MGA=="],

    "@octokit/plugin-rest-endpoint-methods/@octokit/types/@octokit/openapi-types": ["@octokit/openapi-types@27.0.0", "", {}, "sha512-whrdktVs1h6gtR+09+QsNk2+FO+49j6ga1c55YZudfEG+oKJVvJLQi3zkOm5JjiUXAagWK2tI2kTGKJ2Ys7MGA=="],
  }
}
